// !$*UTF8*$!
{
	archiveVersion = 1;
	classes = {
	};
	objectVersion = 46;
	objects = {

/* Begin PBXBuildFile section */
		072628541E70E92300511F80 /* Quicksilver.h in Headers */ = {isa = PBXBuildFile; fileRef = 072628521E70E92300511F80 /* Quicksilver.h */; settings = {ATTRIBUTES = (Public, ); }; };
		072628651E70EA6C00511F80 /* NSArray+KQSExtensions.h in Headers */ = {isa = PBXBuildFile; fileRef = 0726285B1E70EA6C00511F80 /* NSArray+KQSExtensions.h */; settings = {ATTRIBUTES = (Public, ); }; };
		072628661E70EA6C00511F80 /* NSArray+KQSExtensions.m in Sources */ = {isa = PBXBuildFile; fileRef = 0726285C1E70EA6C00511F80 /* NSArray+KQSExtensions.m */; };
		072628671E70EA6C00511F80 /* NSDictionary+KQSExtensions.h in Headers */ = {isa = PBXBuildFile; fileRef = 0726285D1E70EA6C00511F80 /* NSDictionary+KQSExtensions.h */; settings = {ATTRIBUTES = (Public, ); }; };
		072628681E70EA6C00511F80 /* NSDictionary+KQSExtensions.m in Sources */ = {isa = PBXBuildFile; fileRef = 0726285E1E70EA6C00511F80 /* NSDictionary+KQSExtensions.m */; };
		072628691E70EA6C00511F80 /* NSOrderedSet+KQSExtensions.h in Headers */ = {isa = PBXBuildFile; fileRef = 0726285F1E70EA6C00511F80 /* NSOrderedSet+KQSExtensions.h */; settings = {ATTRIBUTES = (Public, ); }; };
		0726286A1E70EA6C00511F80 /* NSOrderedSet+KQSExtensions.m in Sources */ = {isa = PBXBuildFile; fileRef = 072628601E70EA6C00511F80 /* NSOrderedSet+KQSExtensions.m */; };
		0726286B1E70EA6C00511F80 /* NSSet+KQSExtensions.h in Headers */ = {isa = PBXBuildFile; fileRef = 072628611E70EA6C00511F80 /* NSSet+KQSExtensions.h */; settings = {ATTRIBUTES = (Public, ); }; };
		0726286C1E70EA6C00511F80 /* NSSet+KQSExtensions.m in Sources */ = {isa = PBXBuildFile; fileRef = 072628621E70EA6C00511F80 /* NSSet+KQSExtensions.m */; };
		0726286D1E70EA6C00511F80 /* NSString+KQSExtensions.h in Headers */ = {isa = PBXBuildFile; fileRef = 072628631E70EA6C00511F80 /* NSString+KQSExtensions.h */; settings = {ATTRIBUTES = (Public, ); }; };
		0726286E1E70EA6C00511F80 /* NSString+KQSExtensions.m in Sources */ = {isa = PBXBuildFile; fileRef = 072628641E70EA6C00511F80 /* NSString+KQSExtensions.m */; };
		072628761E70EB2B00511F80 /* KQSNSArrayExtensionsTestCase.m in Sources */ = {isa = PBXBuildFile; fileRef = 072628751E70EB2B00511F80 /* KQSNSArrayExtensionsTestCase.m */; };
		072628781E70EB2B00511F80 /* Quicksilver.framework in Frameworks */ = {isa = PBXBuildFile; fileRef = 0726284F1E70E92300511F80 /* Quicksilver.framework */; };
		0726287F1E70EC4300511F80 /* KQSNSDictionaryExtensionsTextCase.m in Sources */ = {isa = PBXBuildFile; fileRef = 0726287E1E70EC4300511F80 /* KQSNSDictionaryExtensionsTextCase.m */; };
		07D776C21E70ECC500256448 /* KQSNSOrderedSetExtensionsTestCase.m in Sources */ = {isa = PBXBuildFile; fileRef = 07D776C11E70ECC500256448 /* KQSNSOrderedSetExtensionsTestCase.m */; };
		07D776C41E70ED6800256448 /* KQSNSSetExtensionsTestCase.m in Sources */ = {isa = PBXBuildFile; fileRef = 07D776C31E70ED6800256448 /* KQSNSSetExtensionsTestCase.m */; };
		07D776C61E70EDBA00256448 /* KQSNSStringExtensionsTestCase.m in Sources */ = {isa = PBXBuildFile; fileRef = 07D776C51E70EDBA00256448 /* KQSNSStringExtensionsTestCase.m */; };
		07E920581E70F0CF009A4AD9 /* Quicksilver.h in Headers */ = {isa = PBXBuildFile; fileRef = 072628521E70E92300511F80 /* Quicksilver.h */; settings = {ATTRIBUTES = (Public, ); }; };
		07E920591E70F0CF009A4AD9 /* NSArray+KQSExtensions.h in Headers */ = {isa = PBXBuildFile; fileRef = 0726285B1E70EA6C00511F80 /* NSArray+KQSExtensions.h */; settings = {ATTRIBUTES = (Public, ); }; };
		07E9205A1E70F0CF009A4AD9 /* NSDictionary+KQSExtensions.h in Headers */ = {isa = PBXBuildFile; fileRef = 0726285D1E70EA6C00511F80 /* NSDictionary+KQSExtensions.h */; settings = {ATTRIBUTES = (Public, ); }; };
		07E9205B1E70F0CF009A4AD9 /* NSOrderedSet+KQSExtensions.h in Headers */ = {isa = PBXBuildFile; fileRef = 0726285F1E70EA6C00511F80 /* NSOrderedSet+KQSExtensions.h */; settings = {ATTRIBUTES = (Public, ); }; };
		07E9205C1E70F0CF009A4AD9 /* NSSet+KQSExtensions.h in Headers */ = {isa = PBXBuildFile; fileRef = 072628611E70EA6C00511F80 /* NSSet+KQSExtensions.h */; settings = {ATTRIBUTES = (Public, ); }; };
		07E9205D1E70F0CF009A4AD9 /* NSString+KQSExtensions.h in Headers */ = {isa = PBXBuildFile; fileRef = 072628631E70EA6C00511F80 /* NSString+KQSExtensions.h */; settings = {ATTRIBUTES = (Public, ); }; };
		07E920671E70F104009A4AD9 /* Quicksilver.framework in Frameworks */ = {isa = PBXBuildFile; fileRef = 07E9204F1E70F00A009A4AD9 /* Quicksilver.framework */; };
		07E9206F1E70F184009A4AD9 /* KQSNSArrayExtensionsTestCase.m in Sources */ = {isa = PBXBuildFile; fileRef = 072628751E70EB2B00511F80 /* KQSNSArrayExtensionsTestCase.m */; };
		07E920701E70F184009A4AD9 /* KQSNSDictionaryExtensionsTextCase.m in Sources */ = {isa = PBXBuildFile; fileRef = 0726287E1E70EC4300511F80 /* KQSNSDictionaryExtensionsTextCase.m */; };
		07E920711E70F184009A4AD9 /* KQSNSOrderedSetExtensionsTestCase.m in Sources */ = {isa = PBXBuildFile; fileRef = 07D776C11E70ECC500256448 /* KQSNSOrderedSetExtensionsTestCase.m */; };
		07E920721E70F184009A4AD9 /* KQSNSSetExtensionsTestCase.m in Sources */ = {isa = PBXBuildFile; fileRef = 07D776C31E70ED6800256448 /* KQSNSSetExtensionsTestCase.m */; };
		07E920731E70F184009A4AD9 /* KQSNSStringExtensionsTestCase.m in Sources */ = {isa = PBXBuildFile; fileRef = 07D776C51E70EDBA00256448 /* KQSNSStringExtensionsTestCase.m */; };
		07E920741E70F206009A4AD9 /* NSArray+KQSExtensions.m in Sources */ = {isa = PBXBuildFile; fileRef = 0726285C1E70EA6C00511F80 /* NSArray+KQSExtensions.m */; };
		07E920751E70F206009A4AD9 /* NSDictionary+KQSExtensions.m in Sources */ = {isa = PBXBuildFile; fileRef = 0726285E1E70EA6C00511F80 /* NSDictionary+KQSExtensions.m */; };
		07E920761E70F206009A4AD9 /* NSOrderedSet+KQSExtensions.m in Sources */ = {isa = PBXBuildFile; fileRef = 072628601E70EA6C00511F80 /* NSOrderedSet+KQSExtensions.m */; };
		07E920771E70F206009A4AD9 /* NSSet+KQSExtensions.m in Sources */ = {isa = PBXBuildFile; fileRef = 072628621E70EA6C00511F80 /* NSSet+KQSExtensions.m */; };
		07E920781E70F206009A4AD9 /* NSString+KQSExtensions.m in Sources */ = {isa = PBXBuildFile; fileRef = 072628641E70EA6C00511F80 /* NSString+KQSExtensions.m */; };
		07E920871E70F2F7009A4AD9 /* Quicksilver.h in Headers */ = {isa = PBXBuildFile; fileRef = 072628521E70E92300511F80 /* Quicksilver.h */; settings = {ATTRIBUTES = (Public, ); }; };
		07E920881E70F2F7009A4AD9 /* NSArray+KQSExtensions.h in Headers */ = {isa = PBXBuildFile; fileRef = 0726285B1E70EA6C00511F80 /* NSArray+KQSExtensions.h */; settings = {ATTRIBUTES = (Public, ); }; };
		07E920891E70F2F7009A4AD9 /* NSArray+KQSExtensions.m in Sources */ = {isa = PBXBuildFile; fileRef = 0726285C1E70EA6C00511F80 /* NSArray+KQSExtensions.m */; };
		07E9208A1E70F2F7009A4AD9 /* NSDictionary+KQSExtensions.h in Headers */ = {isa = PBXBuildFile; fileRef = 0726285D1E70EA6C00511F80 /* NSDictionary+KQSExtensions.h */; settings = {ATTRIBUTES = (Public, ); }; };
		07E9208B1E70F2F7009A4AD9 /* NSDictionary+KQSExtensions.m in Sources */ = {isa = PBXBuildFile; fileRef = 0726285E1E70EA6C00511F80 /* NSDictionary+KQSExtensions.m */; };
		07E9208C1E70F2F7009A4AD9 /* NSOrderedSet+KQSExtensions.h in Headers */ = {isa = PBXBuildFile; fileRef = 0726285F1E70EA6C00511F80 /* NSOrderedSet+KQSExtensions.h */; settings = {ATTRIBUTES = (Public, ); }; };
		07E9208D1E70F2F7009A4AD9 /* NSOrderedSet+KQSExtensions.m in Sources */ = {isa = PBXBuildFile; fileRef = 072628601E70EA6C00511F80 /* NSOrderedSet+KQSExtensions.m */; };
		07E9208E1E70F2F7009A4AD9 /* NSSet+KQSExtensions.h in Headers */ = {isa = PBXBuildFile; fileRef = 072628611E70EA6C00511F80 /* NSSet+KQSExtensions.h */; settings = {ATTRIBUTES = (Public, ); }; };
		07E9208F1E70F2F7009A4AD9 /* NSSet+KQSExtensions.m in Sources */ = {isa = PBXBuildFile; fileRef = 072628621E70EA6C00511F80 /* NSSet+KQSExtensions.m */; };
		07E920901E70F2F7009A4AD9 /* NSString+KQSExtensions.h in Headers */ = {isa = PBXBuildFile; fileRef = 072628631E70EA6C00511F80 /* NSString+KQSExtensions.h */; settings = {ATTRIBUTES = (Public, ); }; };
		07E920911E70F2F7009A4AD9 /* NSString+KQSExtensions.m in Sources */ = {isa = PBXBuildFile; fileRef = 072628641E70EA6C00511F80 /* NSString+KQSExtensions.m */; };
		07E9209B1E70F332009A4AD9 /* Quicksilver.framework in Frameworks */ = {isa = PBXBuildFile; fileRef = 07E9207E1E70F25E009A4AD9 /* Quicksilver.framework */; };
		07E920A11E70F389009A4AD9 /* KQSNSArrayExtensionsTestCase.m in Sources */ = {isa = PBXBuildFile; fileRef = 072628751E70EB2B00511F80 /* KQSNSArrayExtensionsTestCase.m */; };
		07E920A21E70F389009A4AD9 /* KQSNSDictionaryExtensionsTextCase.m in Sources */ = {isa = PBXBuildFile; fileRef = 0726287E1E70EC4300511F80 /* KQSNSDictionaryExtensionsTextCase.m */; };
		07E920A31E70F389009A4AD9 /* KQSNSOrderedSetExtensionsTestCase.m in Sources */ = {isa = PBXBuildFile; fileRef = 07D776C11E70ECC500256448 /* KQSNSOrderedSetExtensionsTestCase.m */; };
		07E920A41E70F389009A4AD9 /* KQSNSSetExtensionsTestCase.m in Sources */ = {isa = PBXBuildFile; fileRef = 07D776C31E70ED6800256448 /* KQSNSSetExtensionsTestCase.m */; };
		07E920A51E70F389009A4AD9 /* KQSNSStringExtensionsTestCase.m in Sources */ = {isa = PBXBuildFile; fileRef = 07D776C51E70EDBA00256448 /* KQSNSStringExtensionsTestCase.m */; };
		07E920B41E70F458009A4AD9 /* Quicksilver.h in Headers */ = {isa = PBXBuildFile; fileRef = 072628521E70E92300511F80 /* Quicksilver.h */; settings = {ATTRIBUTES = (Public, ); }; };
		07E920B51E70F458009A4AD9 /* NSArray+KQSExtensions.h in Headers */ = {isa = PBXBuildFile; fileRef = 0726285B1E70EA6C00511F80 /* NSArray+KQSExtensions.h */; settings = {ATTRIBUTES = (Public, ); }; };
		07E920B61E70F458009A4AD9 /* NSDictionary+KQSExtensions.h in Headers */ = {isa = PBXBuildFile; fileRef = 0726285D1E70EA6C00511F80 /* NSDictionary+KQSExtensions.h */; settings = {ATTRIBUTES = (Public, ); }; };
		07E920B71E70F458009A4AD9 /* NSOrderedSet+KQSExtensions.h in Headers */ = {isa = PBXBuildFile; fileRef = 0726285F1E70EA6C00511F80 /* NSOrderedSet+KQSExtensions.h */; settings = {ATTRIBUTES = (Public, ); }; };
		07E920B81E70F458009A4AD9 /* NSSet+KQSExtensions.h in Headers */ = {isa = PBXBuildFile; fileRef = 072628611E70EA6C00511F80 /* NSSet+KQSExtensions.h */; settings = {ATTRIBUTES = (Public, ); }; };
		07E920B91E70F458009A4AD9 /* NSString+KQSExtensions.h in Headers */ = {isa = PBXBuildFile; fileRef = 072628631E70EA6C00511F80 /* NSString+KQSExtensions.h */; settings = {ATTRIBUTES = (Public, ); }; };
		07E920BA1E70F461009A4AD9 /* NSArray+KQSExtensions.m in Sources */ = {isa = PBXBuildFile; fileRef = 0726285C1E70EA6C00511F80 /* NSArray+KQSExtensions.m */; };
		07E920BB1E70F461009A4AD9 /* NSDictionary+KQSExtensions.m in Sources */ = {isa = PBXBuildFile; fileRef = 0726285E1E70EA6C00511F80 /* NSDictionary+KQSExtensions.m */; };
		07E920BC1E70F461009A4AD9 /* NSOrderedSet+KQSExtensions.m in Sources */ = {isa = PBXBuildFile; fileRef = 072628601E70EA6C00511F80 /* NSOrderedSet+KQSExtensions.m */; };
		07E920BD1E70F461009A4AD9 /* NSSet+KQSExtensions.m in Sources */ = {isa = PBXBuildFile; fileRef = 072628621E70EA6C00511F80 /* NSSet+KQSExtensions.m */; };
		07E920BE1E70F461009A4AD9 /* NSString+KQSExtensions.m in Sources */ = {isa = PBXBuildFile; fileRef = 072628641E70EA6C00511F80 /* NSString+KQSExtensions.m */; };
/* End PBXBuildFile section */

/* Begin PBXContainerItemProxy section */
		072628791E70EB2B00511F80 /* PBXContainerItemProxy */ = {
			isa = PBXContainerItemProxy;
			containerPortal = 072628441E70E91400511F80 /* Project object */;
			proxyType = 1;
			remoteGlobalIDString = 0726284E1E70E92300511F80;
			remoteInfo = "Quicksilver-iOS";
		};
		07E920681E70F104009A4AD9 /* PBXContainerItemProxy */ = {
			isa = PBXContainerItemProxy;
			containerPortal = 072628441E70E91400511F80 /* Project object */;
			proxyType = 1;
			remoteGlobalIDString = 07E9204E1E70F00A009A4AD9;
			remoteInfo = "Quicksilver-macOS";
		};
		07E9209C1E70F332009A4AD9 /* PBXContainerItemProxy */ = {
			isa = PBXContainerItemProxy;
			containerPortal = 072628441E70E91400511F80 /* Project object */;
			proxyType = 1;
			remoteGlobalIDString = 07E9207D1E70F25E009A4AD9;
			remoteInfo = "Quicksilver-tvOS";
		};
/* End PBXContainerItemProxy section */

/* Begin PBXFileReference section */
		0726284F1E70E92300511F80 /* Quicksilver.framework */ = {isa = PBXFileReference; explicitFileType = wrapper.framework; includeInIndex = 0; path = Quicksilver.framework; sourceTree = BUILT_PRODUCTS_DIR; };
		072628521E70E92300511F80 /* Quicksilver.h */ = {isa = PBXFileReference; lastKnownFileType = sourcecode.c.h; path = Quicksilver.h; sourceTree = "<group>"; };
		072628531E70E92300511F80 /* Quicksilver-iOS-Info.plist */ = {isa = PBXFileReference; lastKnownFileType = text.plist.xml; path = "Quicksilver-iOS-Info.plist"; sourceTree = "<group>"; };
		072628581E70E96500511F80 /* Quicksilver-Info.h */ = {isa = PBXFileReference; lastKnownFileType = sourcecode.c.h; path = "Quicksilver-Info.h"; sourceTree = "<group>"; };
		0726285B1E70EA6C00511F80 /* NSArray+KQSExtensions.h */ = {isa = PBXFileReference; fileEncoding = 4; lastKnownFileType = sourcecode.c.h; path = "NSArray+KQSExtensions.h"; sourceTree = "<group>"; };
		0726285C1E70EA6C00511F80 /* NSArray+KQSExtensions.m */ = {isa = PBXFileReference; fileEncoding = 4; lastKnownFileType = sourcecode.c.objc; path = "NSArray+KQSExtensions.m"; sourceTree = "<group>"; };
		0726285D1E70EA6C00511F80 /* NSDictionary+KQSExtensions.h */ = {isa = PBXFileReference; fileEncoding = 4; lastKnownFileType = sourcecode.c.h; path = "NSDictionary+KQSExtensions.h"; sourceTree = "<group>"; };
		0726285E1E70EA6C00511F80 /* NSDictionary+KQSExtensions.m */ = {isa = PBXFileReference; fileEncoding = 4; lastKnownFileType = sourcecode.c.objc; path = "NSDictionary+KQSExtensions.m"; sourceTree = "<group>"; };
		0726285F1E70EA6C00511F80 /* NSOrderedSet+KQSExtensions.h */ = {isa = PBXFileReference; fileEncoding = 4; lastKnownFileType = sourcecode.c.h; path = "NSOrderedSet+KQSExtensions.h"; sourceTree = "<group>"; };
		072628601E70EA6C00511F80 /* NSOrderedSet+KQSExtensions.m */ = {isa = PBXFileReference; fileEncoding = 4; lastKnownFileType = sourcecode.c.objc; path = "NSOrderedSet+KQSExtensions.m"; sourceTree = "<group>"; };
		072628611E70EA6C00511F80 /* NSSet+KQSExtensions.h */ = {isa = PBXFileReference; fileEncoding = 4; lastKnownFileType = sourcecode.c.h; path = "NSSet+KQSExtensions.h"; sourceTree = "<group>"; };
		072628621E70EA6C00511F80 /* NSSet+KQSExtensions.m */ = {isa = PBXFileReference; fileEncoding = 4; lastKnownFileType = sourcecode.c.objc; path = "NSSet+KQSExtensions.m"; sourceTree = "<group>"; };
		072628631E70EA6C00511F80 /* NSString+KQSExtensions.h */ = {isa = PBXFileReference; fileEncoding = 4; lastKnownFileType = sourcecode.c.h; path = "NSString+KQSExtensions.h"; sourceTree = "<group>"; };
		072628641E70EA6C00511F80 /* NSString+KQSExtensions.m */ = {isa = PBXFileReference; fileEncoding = 4; lastKnownFileType = sourcecode.c.objc; path = "NSString+KQSExtensions.m"; sourceTree = "<group>"; };
		072628731E70EB2B00511F80 /* QuicksilverTests-iOS.xctest */ = {isa = PBXFileReference; explicitFileType = wrapper.cfbundle; includeInIndex = 0; path = "QuicksilverTests-iOS.xctest"; sourceTree = BUILT_PRODUCTS_DIR; };
		072628751E70EB2B00511F80 /* KQSNSArrayExtensionsTestCase.m */ = {isa = PBXFileReference; lastKnownFileType = sourcecode.c.objc; path = KQSNSArrayExtensionsTestCase.m; sourceTree = "<group>"; };
		072628771E70EB2B00511F80 /* QuicksilverTests-iOS-Info.plist */ = {isa = PBXFileReference; lastKnownFileType = text.plist.xml; path = "QuicksilverTests-iOS-Info.plist"; sourceTree = "<group>"; };
		0726287E1E70EC4300511F80 /* KQSNSDictionaryExtensionsTextCase.m */ = {isa = PBXFileReference; fileEncoding = 4; lastKnownFileType = sourcecode.c.objc; path = KQSNSDictionaryExtensionsTextCase.m; sourceTree = "<group>"; };
		07D776C11E70ECC500256448 /* KQSNSOrderedSetExtensionsTestCase.m */ = {isa = PBXFileReference; fileEncoding = 4; lastKnownFileType = sourcecode.c.objc; path = KQSNSOrderedSetExtensionsTestCase.m; sourceTree = "<group>"; };
		07D776C31E70ED6800256448 /* KQSNSSetExtensionsTestCase.m */ = {isa = PBXFileReference; fileEncoding = 4; lastKnownFileType = sourcecode.c.objc; path = KQSNSSetExtensionsTestCase.m; sourceTree = "<group>"; };
		07D776C51E70EDBA00256448 /* KQSNSStringExtensionsTestCase.m */ = {isa = PBXFileReference; fileEncoding = 4; lastKnownFileType = sourcecode.c.objc; path = KQSNSStringExtensionsTestCase.m; sourceTree = "<group>"; };
		07E9204F1E70F00A009A4AD9 /* Quicksilver.framework */ = {isa = PBXFileReference; explicitFileType = wrapper.framework; includeInIndex = 0; path = Quicksilver.framework; sourceTree = BUILT_PRODUCTS_DIR; };
		07E920571E70F053009A4AD9 /* Quicksilver-macOS-Info.plist */ = {isa = PBXFileReference; lastKnownFileType = text.plist.xml; path = "Quicksilver-macOS-Info.plist"; sourceTree = "<group>"; };
		07E920621E70F103009A4AD9 /* QuicksilverTests-macOS.xctest */ = {isa = PBXFileReference; explicitFileType = wrapper.cfbundle; includeInIndex = 0; path = "QuicksilverTests-macOS.xctest"; sourceTree = BUILT_PRODUCTS_DIR; };
		07E9206D1E70F13E009A4AD9 /* QuicksilverTests-macOS-Info.plist */ = {isa = PBXFileReference; lastKnownFileType = text.plist.xml; path = "QuicksilverTests-macOS-Info.plist"; sourceTree = "<group>"; };
		07E9207E1E70F25E009A4AD9 /* Quicksilver.framework */ = {isa = PBXFileReference; explicitFileType = wrapper.framework; includeInIndex = 0; path = Quicksilver.framework; sourceTree = BUILT_PRODUCTS_DIR; };
		07E920861E70F291009A4AD9 /* Quicksilver-tvOS-Info.plist */ = {isa = PBXFileReference; lastKnownFileType = text.plist.xml; path = "Quicksilver-tvOS-Info.plist"; sourceTree = "<group>"; };
		07E920961E70F332009A4AD9 /* QuicksilverTests-tvOS.xctest */ = {isa = PBXFileReference; explicitFileType = wrapper.cfbundle; includeInIndex = 0; path = "QuicksilverTests-tvOS.xctest"; sourceTree = BUILT_PRODUCTS_DIR; };
		07E920AB1E70F3D1009A4AD9 /* Quicksilver.framework */ = {isa = PBXFileReference; explicitFileType = wrapper.framework; includeInIndex = 0; path = Quicksilver.framework; sourceTree = BUILT_PRODUCTS_DIR; };
		07E920B31E70F3FB009A4AD9 /* Quicksilver-watchOS-Info.plist */ = {isa = PBXFileReference; lastKnownFileType = text.plist.xml; path = "Quicksilver-watchOS-Info.plist"; sourceTree = "<group>"; };
/* End PBXFileReference section */

/* Begin PBXFrameworksBuildPhase section */
		0726284B1E70E92300511F80 /* Frameworks */ = {
			isa = PBXFrameworksBuildPhase;
			buildActionMask = 2147483647;
			files = (
			);
			runOnlyForDeploymentPostprocessing = 0;
		};
		072628701E70EB2B00511F80 /* Frameworks */ = {
			isa = PBXFrameworksBuildPhase;
			buildActionMask = 2147483647;
			files = (
				072628781E70EB2B00511F80 /* Quicksilver.framework in Frameworks */,
			);
			runOnlyForDeploymentPostprocessing = 0;
		};
		07E9204B1E70F00A009A4AD9 /* Frameworks */ = {
			isa = PBXFrameworksBuildPhase;
			buildActionMask = 2147483647;
			files = (
			);
			runOnlyForDeploymentPostprocessing = 0;
		};
		07E9205F1E70F103009A4AD9 /* Frameworks */ = {
			isa = PBXFrameworksBuildPhase;
			buildActionMask = 2147483647;
			files = (
				07E920671E70F104009A4AD9 /* Quicksilver.framework in Frameworks */,
			);
			runOnlyForDeploymentPostprocessing = 0;
		};
		07E9207A1E70F25E009A4AD9 /* Frameworks */ = {
			isa = PBXFrameworksBuildPhase;
			buildActionMask = 2147483647;
			files = (
			);
			runOnlyForDeploymentPostprocessing = 0;
		};
		07E920931E70F332009A4AD9 /* Frameworks */ = {
			isa = PBXFrameworksBuildPhase;
			buildActionMask = 2147483647;
			files = (
				07E9209B1E70F332009A4AD9 /* Quicksilver.framework in Frameworks */,
			);
			runOnlyForDeploymentPostprocessing = 0;
		};
		07E920A71E70F3D1009A4AD9 /* Frameworks */ = {
			isa = PBXFrameworksBuildPhase;
			buildActionMask = 2147483647;
			files = (
			);
			runOnlyForDeploymentPostprocessing = 0;
		};
/* End PBXFrameworksBuildPhase section */

/* Begin PBXGroup section */
		072628431E70E91400511F80 = {
			isa = PBXGroup;
			children = (
				072628511E70E92300511F80 /* Quicksilver */,
				072628741E70EB2B00511F80 /* QuicksilverTests */,
				072628501E70E92300511F80 /* Products */,
			);
			sourceTree = "<group>";
		};
		072628501E70E92300511F80 /* Products */ = {
			isa = PBXGroup;
			children = (
				0726284F1E70E92300511F80 /* Quicksilver.framework */,
				072628731E70EB2B00511F80 /* QuicksilverTests-iOS.xctest */,
				07E9204F1E70F00A009A4AD9 /* Quicksilver.framework */,
				07E920621E70F103009A4AD9 /* QuicksilverTests-macOS.xctest */,
				07E9207E1E70F25E009A4AD9 /* Quicksilver.framework */,
				07E920961E70F332009A4AD9 /* QuicksilverTests-tvOS.xctest */,
				07E920AB1E70F3D1009A4AD9 /* Quicksilver.framework */,
			);
			name = Products;
			sourceTree = "<group>";
		};
		072628511E70E92300511F80 /* Quicksilver */ = {
			isa = PBXGroup;
			children = (
				072628521E70E92300511F80 /* Quicksilver.h */,
				0726285A1E70E9FF00511F80 /* Source */,
				072628591E70E9F700511F80 /* Supporting Files */,
			);
			path = Quicksilver;
			sourceTree = "<group>";
		};
		072628591E70E9F700511F80 /* Supporting Files */ = {
			isa = PBXGroup;
			children = (
				072628531E70E92300511F80 /* Quicksilver-iOS-Info.plist */,
				07E920571E70F053009A4AD9 /* Quicksilver-macOS-Info.plist */,
				07E920861E70F291009A4AD9 /* Quicksilver-tvOS-Info.plist */,
				07E920B31E70F3FB009A4AD9 /* Quicksilver-watchOS-Info.plist */,
				072628581E70E96500511F80 /* Quicksilver-Info.h */,
			);
			name = "Supporting Files";
			sourceTree = "<group>";
		};
		0726285A1E70E9FF00511F80 /* Source */ = {
			isa = PBXGroup;
			children = (
				0726285B1E70EA6C00511F80 /* NSArray+KQSExtensions.h */,
				0726285C1E70EA6C00511F80 /* NSArray+KQSExtensions.m */,
				0726285D1E70EA6C00511F80 /* NSDictionary+KQSExtensions.h */,
				0726285E1E70EA6C00511F80 /* NSDictionary+KQSExtensions.m */,
				0726285F1E70EA6C00511F80 /* NSOrderedSet+KQSExtensions.h */,
				072628601E70EA6C00511F80 /* NSOrderedSet+KQSExtensions.m */,
				072628611E70EA6C00511F80 /* NSSet+KQSExtensions.h */,
				072628621E70EA6C00511F80 /* NSSet+KQSExtensions.m */,
				072628631E70EA6C00511F80 /* NSString+KQSExtensions.h */,
				072628641E70EA6C00511F80 /* NSString+KQSExtensions.m */,
			);
			name = Source;
			sourceTree = "<group>";
		};
		072628741E70EB2B00511F80 /* QuicksilverTests */ = {
			isa = PBXGroup;
			children = (
				072628751E70EB2B00511F80 /* KQSNSArrayExtensionsTestCase.m */,
				0726287E1E70EC4300511F80 /* KQSNSDictionaryExtensionsTextCase.m */,
				07D776C11E70ECC500256448 /* KQSNSOrderedSetExtensionsTestCase.m */,
				07D776C31E70ED6800256448 /* KQSNSSetExtensionsTestCase.m */,
				07D776C51E70EDBA00256448 /* KQSNSStringExtensionsTestCase.m */,
				07E9206E1E70F144009A4AD9 /* Supporting Files */,
			);
			path = QuicksilverTests;
			sourceTree = "<group>";
		};
		07E9206E1E70F144009A4AD9 /* Supporting Files */ = {
			isa = PBXGroup;
			children = (
				072628771E70EB2B00511F80 /* QuicksilverTests-iOS-Info.plist */,
				07E9206D1E70F13E009A4AD9 /* QuicksilverTests-macOS-Info.plist */,
			);
			name = "Supporting Files";
			sourceTree = "<group>";
		};
/* End PBXGroup section */

/* Begin PBXHeadersBuildPhase section */
		0726284C1E70E92300511F80 /* Headers */ = {
			isa = PBXHeadersBuildPhase;
			buildActionMask = 2147483647;
			files = (
				072628541E70E92300511F80 /* Quicksilver.h in Headers */,
				072628651E70EA6C00511F80 /* NSArray+KQSExtensions.h in Headers */,
				072628691E70EA6C00511F80 /* NSOrderedSet+KQSExtensions.h in Headers */,
				0726286B1E70EA6C00511F80 /* NSSet+KQSExtensions.h in Headers */,
				0726286D1E70EA6C00511F80 /* NSString+KQSExtensions.h in Headers */,
				072628671E70EA6C00511F80 /* NSDictionary+KQSExtensions.h in Headers */,
			);
			runOnlyForDeploymentPostprocessing = 0;
		};
		07E9204C1E70F00A009A4AD9 /* Headers */ = {
			isa = PBXHeadersBuildPhase;
			buildActionMask = 2147483647;
			files = (
				07E920581E70F0CF009A4AD9 /* Quicksilver.h in Headers */,
				07E920591E70F0CF009A4AD9 /* NSArray+KQSExtensions.h in Headers */,
				07E9205B1E70F0CF009A4AD9 /* NSOrderedSet+KQSExtensions.h in Headers */,
				07E9205C1E70F0CF009A4AD9 /* NSSet+KQSExtensions.h in Headers */,
				07E9205D1E70F0CF009A4AD9 /* NSString+KQSExtensions.h in Headers */,
				07E9205A1E70F0CF009A4AD9 /* NSDictionary+KQSExtensions.h in Headers */,
			);
			runOnlyForDeploymentPostprocessing = 0;
		};
		07E9207B1E70F25E009A4AD9 /* Headers */ = {
			isa = PBXHeadersBuildPhase;
			buildActionMask = 2147483647;
			files = (
				07E920871E70F2F7009A4AD9 /* Quicksilver.h in Headers */,
				07E920881E70F2F7009A4AD9 /* NSArray+KQSExtensions.h in Headers */,
				07E9208C1E70F2F7009A4AD9 /* NSOrderedSet+KQSExtensions.h in Headers */,
				07E9208E1E70F2F7009A4AD9 /* NSSet+KQSExtensions.h in Headers */,
				07E920901E70F2F7009A4AD9 /* NSString+KQSExtensions.h in Headers */,
				07E9208A1E70F2F7009A4AD9 /* NSDictionary+KQSExtensions.h in Headers */,
			);
			runOnlyForDeploymentPostprocessing = 0;
		};
		07E920A81E70F3D1009A4AD9 /* Headers */ = {
			isa = PBXHeadersBuildPhase;
			buildActionMask = 2147483647;
			files = (
				07E920B41E70F458009A4AD9 /* Quicksilver.h in Headers */,
				07E920B51E70F458009A4AD9 /* NSArray+KQSExtensions.h in Headers */,
				07E920B71E70F458009A4AD9 /* NSOrderedSet+KQSExtensions.h in Headers */,
				07E920B81E70F458009A4AD9 /* NSSet+KQSExtensions.h in Headers */,
				07E920B91E70F458009A4AD9 /* NSString+KQSExtensions.h in Headers */,
				07E920B61E70F458009A4AD9 /* NSDictionary+KQSExtensions.h in Headers */,
			);
			runOnlyForDeploymentPostprocessing = 0;
		};
/* End PBXHeadersBuildPhase section */

/* Begin PBXNativeTarget section */
		0726284E1E70E92300511F80 /* Quicksilver-iOS */ = {
			isa = PBXNativeTarget;
			buildConfigurationList = 072628551E70E92300511F80 /* Build configuration list for PBXNativeTarget "Quicksilver-iOS" */;
			buildPhases = (
				0726284A1E70E92300511F80 /* Sources */,
				0726284B1E70E92300511F80 /* Frameworks */,
				0726284C1E70E92300511F80 /* Headers */,
				0726284D1E70E92300511F80 /* Resources */,
			);
			buildRules = (
			);
			dependencies = (
			);
			name = "Quicksilver-iOS";
			productName = Quicksilver;
			productReference = 0726284F1E70E92300511F80 /* Quicksilver.framework */;
			productType = "com.apple.product-type.framework";
		};
		072628721E70EB2B00511F80 /* QuicksilverTests-iOS */ = {
			isa = PBXNativeTarget;
			buildConfigurationList = 0726287B1E70EB2B00511F80 /* Build configuration list for PBXNativeTarget "QuicksilverTests-iOS" */;
			buildPhases = (
				0726286F1E70EB2B00511F80 /* Sources */,
				072628701E70EB2B00511F80 /* Frameworks */,
				072628711E70EB2B00511F80 /* Resources */,
			);
			buildRules = (
			);
			dependencies = (
				0726287A1E70EB2B00511F80 /* PBXTargetDependency */,
			);
			name = "QuicksilverTests-iOS";
			productName = "QuicksilverTests-iOS";
			productReference = 072628731E70EB2B00511F80 /* QuicksilverTests-iOS.xctest */;
			productType = "com.apple.product-type.bundle.unit-test";
		};
		07E9204E1E70F00A009A4AD9 /* Quicksilver-macOS */ = {
			isa = PBXNativeTarget;
			buildConfigurationList = 07E920561E70F00A009A4AD9 /* Build configuration list for PBXNativeTarget "Quicksilver-macOS" */;
			buildPhases = (
				07E9204A1E70F00A009A4AD9 /* Sources */,
				07E9204B1E70F00A009A4AD9 /* Frameworks */,
				07E9204C1E70F00A009A4AD9 /* Headers */,
				07E9204D1E70F00A009A4AD9 /* Resources */,
			);
			buildRules = (
			);
			dependencies = (
			);
			name = "Quicksilver-macOS";
			productName = "Quicksilver-macOS";
			productReference = 07E9204F1E70F00A009A4AD9 /* Quicksilver.framework */;
			productType = "com.apple.product-type.framework";
		};
		07E920611E70F103009A4AD9 /* QuicksilverTests-macOS */ = {
			isa = PBXNativeTarget;
			buildConfigurationList = 07E9206A1E70F104009A4AD9 /* Build configuration list for PBXNativeTarget "QuicksilverTests-macOS" */;
			buildPhases = (
				07E9205E1E70F103009A4AD9 /* Sources */,
				07E9205F1E70F103009A4AD9 /* Frameworks */,
				07E920601E70F103009A4AD9 /* Resources */,
			);
			buildRules = (
			);
			dependencies = (
				07E920691E70F104009A4AD9 /* PBXTargetDependency */,
			);
			name = "QuicksilverTests-macOS";
			productName = "QuicksilverTests-macOS";
			productReference = 07E920621E70F103009A4AD9 /* QuicksilverTests-macOS.xctest */;
			productType = "com.apple.product-type.bundle.unit-test";
		};
		07E9207D1E70F25E009A4AD9 /* Quicksilver-tvOS */ = {
			isa = PBXNativeTarget;
			buildConfigurationList = 07E920831E70F25E009A4AD9 /* Build configuration list for PBXNativeTarget "Quicksilver-tvOS" */;
			buildPhases = (
				07E920791E70F25E009A4AD9 /* Sources */,
				07E9207A1E70F25E009A4AD9 /* Frameworks */,
				07E9207B1E70F25E009A4AD9 /* Headers */,
				07E9207C1E70F25E009A4AD9 /* Resources */,
			);
			buildRules = (
			);
			dependencies = (
			);
			name = "Quicksilver-tvOS";
			productName = "Quicksilver-tvOS";
			productReference = 07E9207E1E70F25E009A4AD9 /* Quicksilver.framework */;
			productType = "com.apple.product-type.framework";
		};
		07E920951E70F332009A4AD9 /* QuicksilverTests-tvOS */ = {
			isa = PBXNativeTarget;
			buildConfigurationList = 07E9209E1E70F332009A4AD9 /* Build configuration list for PBXNativeTarget "QuicksilverTests-tvOS" */;
			buildPhases = (
				07E920921E70F332009A4AD9 /* Sources */,
				07E920931E70F332009A4AD9 /* Frameworks */,
				07E920941E70F332009A4AD9 /* Resources */,
			);
			buildRules = (
			);
			dependencies = (
				07E9209D1E70F332009A4AD9 /* PBXTargetDependency */,
			);
			name = "QuicksilverTests-tvOS";
			productName = "QuicksilverTests-tvOS";
			productReference = 07E920961E70F332009A4AD9 /* QuicksilverTests-tvOS.xctest */;
			productType = "com.apple.product-type.bundle.unit-test";
		};
		07E920AA1E70F3D1009A4AD9 /* Quicksilver-watchOS */ = {
			isa = PBXNativeTarget;
			buildConfigurationList = 07E920B01E70F3D1009A4AD9 /* Build configuration list for PBXNativeTarget "Quicksilver-watchOS" */;
			buildPhases = (
				07E920A61E70F3D1009A4AD9 /* Sources */,
				07E920A71E70F3D1009A4AD9 /* Frameworks */,
				07E920A81E70F3D1009A4AD9 /* Headers */,
				07E920A91E70F3D1009A4AD9 /* Resources */,
			);
			buildRules = (
			);
			dependencies = (
			);
			name = "Quicksilver-watchOS";
			productName = "Quicksilver-watchOS";
			productReference = 07E920AB1E70F3D1009A4AD9 /* Quicksilver.framework */;
			productType = "com.apple.product-type.framework";
		};
/* End PBXNativeTarget section */

/* Begin PBXProject section */
		072628441E70E91400511F80 /* Project object */ = {
			isa = PBXProject;
			attributes = {
				CLASSPREFIX = KQS;
				LastUpgradeCheck = 0820;
				ORGANIZATIONNAME = "Kosoku Interactive, LLC.";
				TargetAttributes = {
					0726284E1E70E92300511F80 = {
						CreatedOnToolsVersion = 8.2.1;
						ProvisioningStyle = Automatic;
					};
					072628721E70EB2B00511F80 = {
						CreatedOnToolsVersion = 8.2.1;
						ProvisioningStyle = Automatic;
					};
					07E9204E1E70F00A009A4AD9 = {
						CreatedOnToolsVersion = 8.2.1;
						ProvisioningStyle = Automatic;
					};
					07E920611E70F103009A4AD9 = {
						CreatedOnToolsVersion = 8.2.1;
						ProvisioningStyle = Automatic;
					};
					07E9207D1E70F25E009A4AD9 = {
						CreatedOnToolsVersion = 8.2.1;
						ProvisioningStyle = Automatic;
					};
					07E920951E70F332009A4AD9 = {
						CreatedOnToolsVersion = 8.2.1;
						ProvisioningStyle = Automatic;
					};
					07E920AA1E70F3D1009A4AD9 = {
						CreatedOnToolsVersion = 8.2.1;
						ProvisioningStyle = Automatic;
					};
				};
			};
			buildConfigurationList = 072628471E70E91400511F80 /* Build configuration list for PBXProject "Quicksilver" */;
			compatibilityVersion = "Xcode 3.2";
			developmentRegion = English;
			hasScannedForEncodings = 0;
			knownRegions = (
				en,
			);
			mainGroup = 072628431E70E91400511F80;
			productRefGroup = 072628501E70E92300511F80 /* Products */;
			projectDirPath = "";
			projectRoot = "";
			targets = (
				0726284E1E70E92300511F80 /* Quicksilver-iOS */,
				07E9204E1E70F00A009A4AD9 /* Quicksilver-macOS */,
				07E9207D1E70F25E009A4AD9 /* Quicksilver-tvOS */,
				07E920AA1E70F3D1009A4AD9 /* Quicksilver-watchOS */,
				072628721E70EB2B00511F80 /* QuicksilverTests-iOS */,
				07E920611E70F103009A4AD9 /* QuicksilverTests-macOS */,
				07E920951E70F332009A4AD9 /* QuicksilverTests-tvOS */,
			);
		};
/* End PBXProject section */

/* Begin PBXResourcesBuildPhase section */
		0726284D1E70E92300511F80 /* Resources */ = {
			isa = PBXResourcesBuildPhase;
			buildActionMask = 2147483647;
			files = (
			);
			runOnlyForDeploymentPostprocessing = 0;
		};
		072628711E70EB2B00511F80 /* Resources */ = {
			isa = PBXResourcesBuildPhase;
			buildActionMask = 2147483647;
			files = (
			);
			runOnlyForDeploymentPostprocessing = 0;
		};
		07E9204D1E70F00A009A4AD9 /* Resources */ = {
			isa = PBXResourcesBuildPhase;
			buildActionMask = 2147483647;
			files = (
			);
			runOnlyForDeploymentPostprocessing = 0;
		};
		07E920601E70F103009A4AD9 /* Resources */ = {
			isa = PBXResourcesBuildPhase;
			buildActionMask = 2147483647;
			files = (
			);
			runOnlyForDeploymentPostprocessing = 0;
		};
		07E9207C1E70F25E009A4AD9 /* Resources */ = {
			isa = PBXResourcesBuildPhase;
			buildActionMask = 2147483647;
			files = (
			);
			runOnlyForDeploymentPostprocessing = 0;
		};
		07E920941E70F332009A4AD9 /* Resources */ = {
			isa = PBXResourcesBuildPhase;
			buildActionMask = 2147483647;
			files = (
			);
			runOnlyForDeploymentPostprocessing = 0;
		};
		07E920A91E70F3D1009A4AD9 /* Resources */ = {
			isa = PBXResourcesBuildPhase;
			buildActionMask = 2147483647;
			files = (
			);
			runOnlyForDeploymentPostprocessing = 0;
		};
/* End PBXResourcesBuildPhase section */

/* Begin PBXSourcesBuildPhase section */
		0726284A1E70E92300511F80 /* Sources */ = {
			isa = PBXSourcesBuildPhase;
			buildActionMask = 2147483647;
			files = (
				0726286A1E70EA6C00511F80 /* NSOrderedSet+KQSExtensions.m in Sources */,
				0726286E1E70EA6C00511F80 /* NSString+KQSExtensions.m in Sources */,
				072628681E70EA6C00511F80 /* NSDictionary+KQSExtensions.m in Sources */,
				072628661E70EA6C00511F80 /* NSArray+KQSExtensions.m in Sources */,
				0726286C1E70EA6C00511F80 /* NSSet+KQSExtensions.m in Sources */,
			);
			runOnlyForDeploymentPostprocessing = 0;
		};
		0726286F1E70EB2B00511F80 /* Sources */ = {
			isa = PBXSourcesBuildPhase;
			buildActionMask = 2147483647;
			files = (
				07D776C21E70ECC500256448 /* KQSNSOrderedSetExtensionsTestCase.m in Sources */,
				072628761E70EB2B00511F80 /* KQSNSArrayExtensionsTestCase.m in Sources */,
				07D776C61E70EDBA00256448 /* KQSNSStringExtensionsTestCase.m in Sources */,
				0726287F1E70EC4300511F80 /* KQSNSDictionaryExtensionsTextCase.m in Sources */,
				07D776C41E70ED6800256448 /* KQSNSSetExtensionsTestCase.m in Sources */,
			);
			runOnlyForDeploymentPostprocessing = 0;
		};
		07E9204A1E70F00A009A4AD9 /* Sources */ = {
			isa = PBXSourcesBuildPhase;
			buildActionMask = 2147483647;
			files = (
				07E920761E70F206009A4AD9 /* NSOrderedSet+KQSExtensions.m in Sources */,
				07E920781E70F206009A4AD9 /* NSString+KQSExtensions.m in Sources */,
				07E920751E70F206009A4AD9 /* NSDictionary+KQSExtensions.m in Sources */,
				07E920741E70F206009A4AD9 /* NSArray+KQSExtensions.m in Sources */,
				07E920771E70F206009A4AD9 /* NSSet+KQSExtensions.m in Sources */,
			);
			runOnlyForDeploymentPostprocessing = 0;
		};
		07E9205E1E70F103009A4AD9 /* Sources */ = {
			isa = PBXSourcesBuildPhase;
			buildActionMask = 2147483647;
			files = (
				07E920711E70F184009A4AD9 /* KQSNSOrderedSetExtensionsTestCase.m in Sources */,
				07E9206F1E70F184009A4AD9 /* KQSNSArrayExtensionsTestCase.m in Sources */,
				07E920731E70F184009A4AD9 /* KQSNSStringExtensionsTestCase.m in Sources */,
				07E920701E70F184009A4AD9 /* KQSNSDictionaryExtensionsTextCase.m in Sources */,
				07E920721E70F184009A4AD9 /* KQSNSSetExtensionsTestCase.m in Sources */,
			);
			runOnlyForDeploymentPostprocessing = 0;
		};
		07E920791E70F25E009A4AD9 /* Sources */ = {
			isa = PBXSourcesBuildPhase;
			buildActionMask = 2147483647;
			files = (
				07E9208D1E70F2F7009A4AD9 /* NSOrderedSet+KQSExtensions.m in Sources */,
				07E920911E70F2F7009A4AD9 /* NSString+KQSExtensions.m in Sources */,
				07E9208B1E70F2F7009A4AD9 /* NSDictionary+KQSExtensions.m in Sources */,
				07E920891E70F2F7009A4AD9 /* NSArray+KQSExtensions.m in Sources */,
				07E9208F1E70F2F7009A4AD9 /* NSSet+KQSExtensions.m in Sources */,
			);
			runOnlyForDeploymentPostprocessing = 0;
		};
		07E920921E70F332009A4AD9 /* Sources */ = {
			isa = PBXSourcesBuildPhase;
			buildActionMask = 2147483647;
			files = (
				07E920A31E70F389009A4AD9 /* KQSNSOrderedSetExtensionsTestCase.m in Sources */,
				07E920A11E70F389009A4AD9 /* KQSNSArrayExtensionsTestCase.m in Sources */,
				07E920A51E70F389009A4AD9 /* KQSNSStringExtensionsTestCase.m in Sources */,
				07E920A21E70F389009A4AD9 /* KQSNSDictionaryExtensionsTextCase.m in Sources */,
				07E920A41E70F389009A4AD9 /* KQSNSSetExtensionsTestCase.m in Sources */,
			);
			runOnlyForDeploymentPostprocessing = 0;
		};
		07E920A61E70F3D1009A4AD9 /* Sources */ = {
			isa = PBXSourcesBuildPhase;
			buildActionMask = 2147483647;
			files = (
				07E920BC1E70F461009A4AD9 /* NSOrderedSet+KQSExtensions.m in Sources */,
				07E920BE1E70F461009A4AD9 /* NSString+KQSExtensions.m in Sources */,
				07E920BB1E70F461009A4AD9 /* NSDictionary+KQSExtensions.m in Sources */,
				07E920BA1E70F461009A4AD9 /* NSArray+KQSExtensions.m in Sources */,
				07E920BD1E70F461009A4AD9 /* NSSet+KQSExtensions.m in Sources */,
			);
			runOnlyForDeploymentPostprocessing = 0;
		};
/* End PBXSourcesBuildPhase section */

/* Begin PBXTargetDependency section */
		0726287A1E70EB2B00511F80 /* PBXTargetDependency */ = {
			isa = PBXTargetDependency;
			target = 0726284E1E70E92300511F80 /* Quicksilver-iOS */;
			targetProxy = 072628791E70EB2B00511F80 /* PBXContainerItemProxy */;
		};
		07E920691E70F104009A4AD9 /* PBXTargetDependency */ = {
			isa = PBXTargetDependency;
			target = 07E9204E1E70F00A009A4AD9 /* Quicksilver-macOS */;
			targetProxy = 07E920681E70F104009A4AD9 /* PBXContainerItemProxy */;
		};
		07E9209D1E70F332009A4AD9 /* PBXTargetDependency */ = {
			isa = PBXTargetDependency;
			target = 07E9207D1E70F25E009A4AD9 /* Quicksilver-tvOS */;
			targetProxy = 07E9209C1E70F332009A4AD9 /* PBXContainerItemProxy */;
		};
/* End PBXTargetDependency section */

/* Begin XCBuildConfiguration section */
		072628481E70E91400511F80 /* Debug */ = {
			isa = XCBuildConfiguration;
			buildSettings = {
			};
			name = Debug;
		};
		072628491E70E91400511F80 /* Release */ = {
			isa = XCBuildConfiguration;
			buildSettings = {
			};
			name = Release;
		};
		072628561E70E92300511F80 /* Debug */ = {
			isa = XCBuildConfiguration;
			buildSettings = {
				ALWAYS_SEARCH_USER_PATHS = NO;
				CLANG_ANALYZER_NONNULL = YES;
				CLANG_CXX_LANGUAGE_STANDARD = "gnu++0x";
				CLANG_CXX_LIBRARY = "libc++";
				CLANG_ENABLE_MODULES = YES;
				CLANG_ENABLE_OBJC_ARC = YES;
				CLANG_WARN_BOOL_CONVERSION = YES;
				CLANG_WARN_CONSTANT_CONVERSION = YES;
				CLANG_WARN_DIRECT_OBJC_ISA_USAGE = YES_ERROR;
				CLANG_WARN_DOCUMENTATION_COMMENTS = YES;
				CLANG_WARN_EMPTY_BODY = YES;
				CLANG_WARN_ENUM_CONVERSION = YES;
				CLANG_WARN_INFINITE_RECURSION = YES;
				CLANG_WARN_INT_CONVERSION = YES;
				CLANG_WARN_OBJC_ROOT_CLASS = YES_ERROR;
				CLANG_WARN_SUSPICIOUS_MOVE = YES;
				CLANG_WARN_UNREACHABLE_CODE = YES;
				CLANG_WARN__DUPLICATE_METHOD_MATCH = YES;
				CODE_SIGN_IDENTITY = "";
				"CODE_SIGN_IDENTITY[sdk=iphoneos*]" = "iPhone Developer";
				COPY_PHASE_STRIP = NO;
				CURRENT_PROJECT_VERSION = 1;
				DEBUG_INFORMATION_FORMAT = dwarf;
				DEFINES_MODULE = YES;
				DYLIB_COMPATIBILITY_VERSION = 1;
				DYLIB_CURRENT_VERSION = 1;
				DYLIB_INSTALL_NAME_BASE = "@rpath";
				ENABLE_STRICT_OBJC_MSGSEND = YES;
				ENABLE_TESTABILITY = YES;
				GCC_C_LANGUAGE_STANDARD = gnu99;
				GCC_DYNAMIC_NO_PIC = NO;
				GCC_NO_COMMON_BLOCKS = YES;
				GCC_OPTIMIZATION_LEVEL = 0;
				GCC_PREPROCESSOR_DEFINITIONS = (
					"DEBUG=1",
					"$(inherited)",
				);
				GCC_WARN_64_TO_32_BIT_CONVERSION = YES;
				GCC_WARN_ABOUT_RETURN_TYPE = YES_ERROR;
				GCC_WARN_UNDECLARED_SELECTOR = YES;
				GCC_WARN_UNINITIALIZED_AUTOS = YES_AGGRESSIVE;
				GCC_WARN_UNUSED_FUNCTION = YES;
				GCC_WARN_UNUSED_VARIABLE = YES;
				INFOPLIST_FILE = "$(SRCROOT)/Quicksilver/Quicksilver-iOS-Info.plist";
				INFOPLIST_PREFIX_HEADER = "$(SRCROOT)/Quicksilver/Quicksilver-Info.h";
				INFOPLIST_PREPROCESS = YES;
				INSTALL_PATH = "$(LOCAL_LIBRARY_DIR)/Frameworks";
				IPHONEOS_DEPLOYMENT_TARGET = 9.0;
				LD_RUNPATH_SEARCH_PATHS = "$(inherited) @executable_path/Frameworks @loader_path/Frameworks";
				MTL_ENABLE_DEBUG_INFO = YES;
				ONLY_ACTIVE_ARCH = YES;
				PRODUCT_BUNDLE_IDENTIFIER = com.kosoku.quicksilver;
				PRODUCT_NAME = Quicksilver;
				SDKROOT = iphoneos;
				SKIP_INSTALL = YES;
				TARGETED_DEVICE_FAMILY = "1,2";
				VERSIONING_SYSTEM = "apple-generic";
				VERSION_INFO_PREFIX = "";
			};
			name = Debug;
		};
		072628571E70E92300511F80 /* Release */ = {
			isa = XCBuildConfiguration;
			buildSettings = {
				ALWAYS_SEARCH_USER_PATHS = NO;
				CLANG_ANALYZER_NONNULL = YES;
				CLANG_CXX_LANGUAGE_STANDARD = "gnu++0x";
				CLANG_CXX_LIBRARY = "libc++";
				CLANG_ENABLE_MODULES = YES;
				CLANG_ENABLE_OBJC_ARC = YES;
				CLANG_WARN_BOOL_CONVERSION = YES;
				CLANG_WARN_CONSTANT_CONVERSION = YES;
				CLANG_WARN_DIRECT_OBJC_ISA_USAGE = YES_ERROR;
				CLANG_WARN_DOCUMENTATION_COMMENTS = YES;
				CLANG_WARN_EMPTY_BODY = YES;
				CLANG_WARN_ENUM_CONVERSION = YES;
				CLANG_WARN_INFINITE_RECURSION = YES;
				CLANG_WARN_INT_CONVERSION = YES;
				CLANG_WARN_OBJC_ROOT_CLASS = YES_ERROR;
				CLANG_WARN_SUSPICIOUS_MOVE = YES;
				CLANG_WARN_UNREACHABLE_CODE = YES;
				CLANG_WARN__DUPLICATE_METHOD_MATCH = YES;
				CODE_SIGN_IDENTITY = "";
				"CODE_SIGN_IDENTITY[sdk=iphoneos*]" = "iPhone Developer";
				COPY_PHASE_STRIP = NO;
				CURRENT_PROJECT_VERSION = 1;
				DEBUG_INFORMATION_FORMAT = "dwarf-with-dsym";
				DEFINES_MODULE = YES;
				DYLIB_COMPATIBILITY_VERSION = 1;
				DYLIB_CURRENT_VERSION = 1;
				DYLIB_INSTALL_NAME_BASE = "@rpath";
				ENABLE_NS_ASSERTIONS = NO;
				ENABLE_STRICT_OBJC_MSGSEND = YES;
				GCC_C_LANGUAGE_STANDARD = gnu99;
				GCC_NO_COMMON_BLOCKS = YES;
				GCC_WARN_64_TO_32_BIT_CONVERSION = YES;
				GCC_WARN_ABOUT_RETURN_TYPE = YES_ERROR;
				GCC_WARN_UNDECLARED_SELECTOR = YES;
				GCC_WARN_UNINITIALIZED_AUTOS = YES_AGGRESSIVE;
				GCC_WARN_UNUSED_FUNCTION = YES;
				GCC_WARN_UNUSED_VARIABLE = YES;
				INFOPLIST_FILE = "$(SRCROOT)/Quicksilver/Quicksilver-iOS-Info.plist";
				INFOPLIST_PREFIX_HEADER = "$(SRCROOT)/Quicksilver/Quicksilver-Info.h";
				INFOPLIST_PREPROCESS = YES;
				INSTALL_PATH = "$(LOCAL_LIBRARY_DIR)/Frameworks";
				IPHONEOS_DEPLOYMENT_TARGET = 9.0;
				LD_RUNPATH_SEARCH_PATHS = "$(inherited) @executable_path/Frameworks @loader_path/Frameworks";
				MTL_ENABLE_DEBUG_INFO = NO;
				PRODUCT_BUNDLE_IDENTIFIER = com.kosoku.quicksilver;
				PRODUCT_NAME = Quicksilver;
				SDKROOT = iphoneos;
				SKIP_INSTALL = YES;
				TARGETED_DEVICE_FAMILY = "1,2";
				VALIDATE_PRODUCT = YES;
				VERSIONING_SYSTEM = "apple-generic";
				VERSION_INFO_PREFIX = "";
			};
			name = Release;
		};
		0726287C1E70EB2B00511F80 /* Debug */ = {
			isa = XCBuildConfiguration;
			buildSettings = {
				ALWAYS_SEARCH_USER_PATHS = NO;
				CLANG_ANALYZER_NONNULL = YES;
				CLANG_CXX_LANGUAGE_STANDARD = "gnu++0x";
				CLANG_CXX_LIBRARY = "libc++";
				CLANG_ENABLE_MODULES = YES;
				CLANG_ENABLE_OBJC_ARC = YES;
				CLANG_WARN_BOOL_CONVERSION = YES;
				CLANG_WARN_CONSTANT_CONVERSION = YES;
				CLANG_WARN_DIRECT_OBJC_ISA_USAGE = YES_ERROR;
				CLANG_WARN_DOCUMENTATION_COMMENTS = YES;
				CLANG_WARN_EMPTY_BODY = YES;
				CLANG_WARN_ENUM_CONVERSION = YES;
				CLANG_WARN_INFINITE_RECURSION = YES;
				CLANG_WARN_INT_CONVERSION = YES;
				CLANG_WARN_OBJC_ROOT_CLASS = YES_ERROR;
				CLANG_WARN_SUSPICIOUS_MOVE = YES;
				CLANG_WARN_UNREACHABLE_CODE = YES;
				CLANG_WARN__DUPLICATE_METHOD_MATCH = YES;
				"CODE_SIGN_IDENTITY[sdk=iphoneos*]" = "iPhone Developer";
				COPY_PHASE_STRIP = NO;
				DEBUG_INFORMATION_FORMAT = dwarf;
				ENABLE_STRICT_OBJC_MSGSEND = YES;
				ENABLE_TESTABILITY = YES;
				GCC_C_LANGUAGE_STANDARD = gnu99;
				GCC_DYNAMIC_NO_PIC = NO;
				GCC_NO_COMMON_BLOCKS = YES;
				GCC_OPTIMIZATION_LEVEL = 0;
				GCC_PREPROCESSOR_DEFINITIONS = (
					"DEBUG=1",
					"$(inherited)",
				);
				GCC_WARN_64_TO_32_BIT_CONVERSION = YES;
				GCC_WARN_ABOUT_RETURN_TYPE = YES_ERROR;
				GCC_WARN_UNDECLARED_SELECTOR = YES;
				GCC_WARN_UNINITIALIZED_AUTOS = YES_AGGRESSIVE;
				GCC_WARN_UNUSED_FUNCTION = YES;
				GCC_WARN_UNUSED_VARIABLE = YES;
				INFOPLIST_FILE = "$(SRCROOT)/QuicksilverTests/$(TARGET_NAME)-Info.plist";
				IPHONEOS_DEPLOYMENT_TARGET = 10.2;
				LD_RUNPATH_SEARCH_PATHS = "$(inherited) @executable_path/Frameworks @loader_path/Frameworks";
				MTL_ENABLE_DEBUG_INFO = YES;
				ONLY_ACTIVE_ARCH = YES;
				PRODUCT_BUNDLE_IDENTIFIER = "com.kosoku.QuicksilverTests-iOS";
				PRODUCT_NAME = "$(TARGET_NAME)";
				SDKROOT = iphoneos;
			};
			name = Debug;
		};
		0726287D1E70EB2B00511F80 /* Release */ = {
			isa = XCBuildConfiguration;
			buildSettings = {
				ALWAYS_SEARCH_USER_PATHS = NO;
				CLANG_ANALYZER_NONNULL = YES;
				CLANG_CXX_LANGUAGE_STANDARD = "gnu++0x";
				CLANG_CXX_LIBRARY = "libc++";
				CLANG_ENABLE_MODULES = YES;
				CLANG_ENABLE_OBJC_ARC = YES;
				CLANG_WARN_BOOL_CONVERSION = YES;
				CLANG_WARN_CONSTANT_CONVERSION = YES;
				CLANG_WARN_DIRECT_OBJC_ISA_USAGE = YES_ERROR;
				CLANG_WARN_DOCUMENTATION_COMMENTS = YES;
				CLANG_WARN_EMPTY_BODY = YES;
				CLANG_WARN_ENUM_CONVERSION = YES;
				CLANG_WARN_INFINITE_RECURSION = YES;
				CLANG_WARN_INT_CONVERSION = YES;
				CLANG_WARN_OBJC_ROOT_CLASS = YES_ERROR;
				CLANG_WARN_SUSPICIOUS_MOVE = YES;
				CLANG_WARN_UNREACHABLE_CODE = YES;
				CLANG_WARN__DUPLICATE_METHOD_MATCH = YES;
				"CODE_SIGN_IDENTITY[sdk=iphoneos*]" = "iPhone Developer";
				COPY_PHASE_STRIP = NO;
				DEBUG_INFORMATION_FORMAT = "dwarf-with-dsym";
				ENABLE_NS_ASSERTIONS = NO;
				ENABLE_STRICT_OBJC_MSGSEND = YES;
				GCC_C_LANGUAGE_STANDARD = gnu99;
				GCC_NO_COMMON_BLOCKS = YES;
				GCC_WARN_64_TO_32_BIT_CONVERSION = YES;
				GCC_WARN_ABOUT_RETURN_TYPE = YES_ERROR;
				GCC_WARN_UNDECLARED_SELECTOR = YES;
				GCC_WARN_UNINITIALIZED_AUTOS = YES_AGGRESSIVE;
				GCC_WARN_UNUSED_FUNCTION = YES;
				GCC_WARN_UNUSED_VARIABLE = YES;
				INFOPLIST_FILE = "$(SRCROOT)/QuicksilverTests/$(TARGET_NAME)-Info.plist";
				IPHONEOS_DEPLOYMENT_TARGET = 10.2;
				LD_RUNPATH_SEARCH_PATHS = "$(inherited) @executable_path/Frameworks @loader_path/Frameworks";
				MTL_ENABLE_DEBUG_INFO = NO;
				PRODUCT_BUNDLE_IDENTIFIER = "com.kosoku.QuicksilverTests-iOS";
				PRODUCT_NAME = "$(TARGET_NAME)";
				SDKROOT = iphoneos;
				VALIDATE_PRODUCT = YES;
			};
			name = Release;
		};
		07E920541E70F00A009A4AD9 /* Debug */ = {
			isa = XCBuildConfiguration;
			buildSettings = {
				ALWAYS_SEARCH_USER_PATHS = NO;
				CLANG_ANALYZER_NONNULL = YES;
				CLANG_CXX_LANGUAGE_STANDARD = "gnu++0x";
				CLANG_CXX_LIBRARY = "libc++";
				CLANG_ENABLE_MODULES = YES;
				CLANG_ENABLE_OBJC_ARC = YES;
				CLANG_WARN_BOOL_CONVERSION = YES;
				CLANG_WARN_CONSTANT_CONVERSION = YES;
				CLANG_WARN_DIRECT_OBJC_ISA_USAGE = YES_ERROR;
				CLANG_WARN_DOCUMENTATION_COMMENTS = YES;
				CLANG_WARN_EMPTY_BODY = YES;
				CLANG_WARN_ENUM_CONVERSION = YES;
				CLANG_WARN_INFINITE_RECURSION = YES;
				CLANG_WARN_INT_CONVERSION = YES;
				CLANG_WARN_OBJC_ROOT_CLASS = YES_ERROR;
				CLANG_WARN_SUSPICIOUS_MOVE = YES;
				CLANG_WARN_UNREACHABLE_CODE = YES;
				CLANG_WARN__DUPLICATE_METHOD_MATCH = YES;
				CODE_SIGN_IDENTITY = "-";
				COMBINE_HIDPI_IMAGES = YES;
				COPY_PHASE_STRIP = NO;
				CURRENT_PROJECT_VERSION = 1;
				DEBUG_INFORMATION_FORMAT = dwarf;
				DEFINES_MODULE = YES;
				DYLIB_COMPATIBILITY_VERSION = 1;
				DYLIB_CURRENT_VERSION = 1;
				DYLIB_INSTALL_NAME_BASE = "@rpath";
				ENABLE_STRICT_OBJC_MSGSEND = YES;
				ENABLE_TESTABILITY = YES;
				FRAMEWORK_VERSION = A;
				GCC_C_LANGUAGE_STANDARD = gnu99;
				GCC_DYNAMIC_NO_PIC = NO;
				GCC_NO_COMMON_BLOCKS = YES;
				GCC_OPTIMIZATION_LEVEL = 0;
				GCC_PREPROCESSOR_DEFINITIONS = (
					"DEBUG=1",
					"$(inherited)",
				);
				GCC_WARN_64_TO_32_BIT_CONVERSION = YES;
				GCC_WARN_ABOUT_RETURN_TYPE = YES_ERROR;
				GCC_WARN_UNDECLARED_SELECTOR = YES;
				GCC_WARN_UNINITIALIZED_AUTOS = YES_AGGRESSIVE;
				GCC_WARN_UNUSED_FUNCTION = YES;
				GCC_WARN_UNUSED_VARIABLE = YES;
				INFOPLIST_FILE = "$(SRCROOT)/Quicksilver/Quicksilver-macOS-Info.plist";
				INFOPLIST_PREFIX_HEADER = "$(SRCROOT)/Quicksilver/Quicksilver-Info.h";
				INFOPLIST_PREPROCESS = YES;
				INSTALL_PATH = "$(LOCAL_LIBRARY_DIR)/Frameworks";
				LD_RUNPATH_SEARCH_PATHS = "$(inherited) @executable_path/../Frameworks @loader_path/Frameworks";
				MACOSX_DEPLOYMENT_TARGET = 10.12;
				MTL_ENABLE_DEBUG_INFO = YES;
				ONLY_ACTIVE_ARCH = YES;
				PRODUCT_BUNDLE_IDENTIFIER = com.kosoku.quicksilver;
				PRODUCT_NAME = Quicksilver;
				SDKROOT = macosx;
				SKIP_INSTALL = YES;
				VERSIONING_SYSTEM = "apple-generic";
				VERSION_INFO_PREFIX = "";
			};
			name = Debug;
		};
		07E920551E70F00A009A4AD9 /* Release */ = {
			isa = XCBuildConfiguration;
			buildSettings = {
				ALWAYS_SEARCH_USER_PATHS = NO;
				CLANG_ANALYZER_NONNULL = YES;
				CLANG_CXX_LANGUAGE_STANDARD = "gnu++0x";
				CLANG_CXX_LIBRARY = "libc++";
				CLANG_ENABLE_MODULES = YES;
				CLANG_ENABLE_OBJC_ARC = YES;
				CLANG_WARN_BOOL_CONVERSION = YES;
				CLANG_WARN_CONSTANT_CONVERSION = YES;
				CLANG_WARN_DIRECT_OBJC_ISA_USAGE = YES_ERROR;
				CLANG_WARN_DOCUMENTATION_COMMENTS = YES;
				CLANG_WARN_EMPTY_BODY = YES;
				CLANG_WARN_ENUM_CONVERSION = YES;
				CLANG_WARN_INFINITE_RECURSION = YES;
				CLANG_WARN_INT_CONVERSION = YES;
				CLANG_WARN_OBJC_ROOT_CLASS = YES_ERROR;
				CLANG_WARN_SUSPICIOUS_MOVE = YES;
				CLANG_WARN_UNREACHABLE_CODE = YES;
				CLANG_WARN__DUPLICATE_METHOD_MATCH = YES;
				CODE_SIGN_IDENTITY = "-";
				COMBINE_HIDPI_IMAGES = YES;
				COPY_PHASE_STRIP = NO;
				CURRENT_PROJECT_VERSION = 1;
				DEBUG_INFORMATION_FORMAT = "dwarf-with-dsym";
				DEFINES_MODULE = YES;
				DYLIB_COMPATIBILITY_VERSION = 1;
				DYLIB_CURRENT_VERSION = 1;
				DYLIB_INSTALL_NAME_BASE = "@rpath";
				ENABLE_NS_ASSERTIONS = NO;
				ENABLE_STRICT_OBJC_MSGSEND = YES;
				FRAMEWORK_VERSION = A;
				GCC_C_LANGUAGE_STANDARD = gnu99;
				GCC_NO_COMMON_BLOCKS = YES;
				GCC_WARN_64_TO_32_BIT_CONVERSION = YES;
				GCC_WARN_ABOUT_RETURN_TYPE = YES_ERROR;
				GCC_WARN_UNDECLARED_SELECTOR = YES;
				GCC_WARN_UNINITIALIZED_AUTOS = YES_AGGRESSIVE;
				GCC_WARN_UNUSED_FUNCTION = YES;
				GCC_WARN_UNUSED_VARIABLE = YES;
				INFOPLIST_FILE = "$(SRCROOT)/Quicksilver/Quicksilver-macOS-Info.plist";
				INFOPLIST_PREFIX_HEADER = "$(SRCROOT)/Quicksilver/Quicksilver-Info.h";
				INFOPLIST_PREPROCESS = YES;
				INSTALL_PATH = "$(LOCAL_LIBRARY_DIR)/Frameworks";
				LD_RUNPATH_SEARCH_PATHS = "$(inherited) @executable_path/../Frameworks @loader_path/Frameworks";
				MACOSX_DEPLOYMENT_TARGET = 10.12;
				MTL_ENABLE_DEBUG_INFO = NO;
				PRODUCT_BUNDLE_IDENTIFIER = com.kosoku.quicksilver;
				PRODUCT_NAME = Quicksilver;
				SDKROOT = macosx;
				SKIP_INSTALL = YES;
				VERSIONING_SYSTEM = "apple-generic";
				VERSION_INFO_PREFIX = "";
			};
			name = Release;
		};
		07E9206B1E70F104009A4AD9 /* Debug */ = {
			isa = XCBuildConfiguration;
			buildSettings = {
				ALWAYS_SEARCH_USER_PATHS = NO;
				CLANG_ANALYZER_NONNULL = YES;
				CLANG_CXX_LANGUAGE_STANDARD = "gnu++0x";
				CLANG_CXX_LIBRARY = "libc++";
				CLANG_ENABLE_MODULES = YES;
				CLANG_ENABLE_OBJC_ARC = YES;
				CLANG_WARN_BOOL_CONVERSION = YES;
				CLANG_WARN_CONSTANT_CONVERSION = YES;
				CLANG_WARN_DIRECT_OBJC_ISA_USAGE = YES_ERROR;
				CLANG_WARN_DOCUMENTATION_COMMENTS = YES;
				CLANG_WARN_EMPTY_BODY = YES;
				CLANG_WARN_ENUM_CONVERSION = YES;
				CLANG_WARN_INFINITE_RECURSION = YES;
				CLANG_WARN_INT_CONVERSION = YES;
				CLANG_WARN_OBJC_ROOT_CLASS = YES_ERROR;
				CLANG_WARN_SUSPICIOUS_MOVE = YES;
				CLANG_WARN_UNREACHABLE_CODE = YES;
				CLANG_WARN__DUPLICATE_METHOD_MATCH = YES;
				CODE_SIGN_IDENTITY = "-";
				COMBINE_HIDPI_IMAGES = YES;
				COPY_PHASE_STRIP = NO;
				DEBUG_INFORMATION_FORMAT = dwarf;
				ENABLE_STRICT_OBJC_MSGSEND = YES;
				ENABLE_TESTABILITY = YES;
				GCC_C_LANGUAGE_STANDARD = gnu99;
				GCC_DYNAMIC_NO_PIC = NO;
				GCC_NO_COMMON_BLOCKS = YES;
				GCC_OPTIMIZATION_LEVEL = 0;
				GCC_PREPROCESSOR_DEFINITIONS = (
					"DEBUG=1",
					"$(inherited)",
				);
				GCC_WARN_64_TO_32_BIT_CONVERSION = YES;
				GCC_WARN_ABOUT_RETURN_TYPE = YES_ERROR;
				GCC_WARN_UNDECLARED_SELECTOR = YES;
				GCC_WARN_UNINITIALIZED_AUTOS = YES_AGGRESSIVE;
				GCC_WARN_UNUSED_FUNCTION = YES;
				GCC_WARN_UNUSED_VARIABLE = YES;
				INFOPLIST_FILE = "$(SRCROOT)/QuicksilverTests/$(TARGET_NAME)-Info.plist";
				LD_RUNPATH_SEARCH_PATHS = "$(inherited) @executable_path/../Frameworks @loader_path/../Frameworks";
				MACOSX_DEPLOYMENT_TARGET = 10.12;
				MTL_ENABLE_DEBUG_INFO = YES;
				ONLY_ACTIVE_ARCH = YES;
				PRODUCT_BUNDLE_IDENTIFIER = "com.kosoku.QuicksilverTests-macOS";
				PRODUCT_NAME = "$(TARGET_NAME)";
				SDKROOT = macosx;
			};
			name = Debug;
		};
		07E9206C1E70F104009A4AD9 /* Release */ = {
			isa = XCBuildConfiguration;
			buildSettings = {
				ALWAYS_SEARCH_USER_PATHS = NO;
				CLANG_ANALYZER_NONNULL = YES;
				CLANG_CXX_LANGUAGE_STANDARD = "gnu++0x";
				CLANG_CXX_LIBRARY = "libc++";
				CLANG_ENABLE_MODULES = YES;
				CLANG_ENABLE_OBJC_ARC = YES;
				CLANG_WARN_BOOL_CONVERSION = YES;
				CLANG_WARN_CONSTANT_CONVERSION = YES;
				CLANG_WARN_DIRECT_OBJC_ISA_USAGE = YES_ERROR;
				CLANG_WARN_DOCUMENTATION_COMMENTS = YES;
				CLANG_WARN_EMPTY_BODY = YES;
				CLANG_WARN_ENUM_CONVERSION = YES;
				CLANG_WARN_INFINITE_RECURSION = YES;
				CLANG_WARN_INT_CONVERSION = YES;
				CLANG_WARN_OBJC_ROOT_CLASS = YES_ERROR;
				CLANG_WARN_SUSPICIOUS_MOVE = YES;
				CLANG_WARN_UNREACHABLE_CODE = YES;
				CLANG_WARN__DUPLICATE_METHOD_MATCH = YES;
				CODE_SIGN_IDENTITY = "-";
				COMBINE_HIDPI_IMAGES = YES;
				COPY_PHASE_STRIP = NO;
				DEBUG_INFORMATION_FORMAT = "dwarf-with-dsym";
				ENABLE_NS_ASSERTIONS = NO;
				ENABLE_STRICT_OBJC_MSGSEND = YES;
				GCC_C_LANGUAGE_STANDARD = gnu99;
				GCC_NO_COMMON_BLOCKS = YES;
				GCC_WARN_64_TO_32_BIT_CONVERSION = YES;
				GCC_WARN_ABOUT_RETURN_TYPE = YES_ERROR;
				GCC_WARN_UNDECLARED_SELECTOR = YES;
				GCC_WARN_UNINITIALIZED_AUTOS = YES_AGGRESSIVE;
				GCC_WARN_UNUSED_FUNCTION = YES;
				GCC_WARN_UNUSED_VARIABLE = YES;
				INFOPLIST_FILE = "$(SRCROOT)/QuicksilverTests/$(TARGET_NAME)-Info.plist";
				LD_RUNPATH_SEARCH_PATHS = "$(inherited) @executable_path/../Frameworks @loader_path/../Frameworks";
				MACOSX_DEPLOYMENT_TARGET = 10.12;
				MTL_ENABLE_DEBUG_INFO = NO;
				PRODUCT_BUNDLE_IDENTIFIER = "com.kosoku.QuicksilverTests-macOS";
				PRODUCT_NAME = "$(TARGET_NAME)";
				SDKROOT = macosx;
			};
			name = Release;
		};
		07E920841E70F25E009A4AD9 /* Debug */ = {
			isa = XCBuildConfiguration;
			buildSettings = {
				ALWAYS_SEARCH_USER_PATHS = NO;
				CLANG_ANALYZER_NONNULL = YES;
				CLANG_CXX_LANGUAGE_STANDARD = "gnu++0x";
				CLANG_CXX_LIBRARY = "libc++";
				CLANG_ENABLE_MODULES = YES;
				CLANG_ENABLE_OBJC_ARC = YES;
				CLANG_WARN_BOOL_CONVERSION = YES;
				CLANG_WARN_CONSTANT_CONVERSION = YES;
				CLANG_WARN_DIRECT_OBJC_ISA_USAGE = YES_ERROR;
				CLANG_WARN_DOCUMENTATION_COMMENTS = YES;
				CLANG_WARN_EMPTY_BODY = YES;
				CLANG_WARN_ENUM_CONVERSION = YES;
				CLANG_WARN_INFINITE_RECURSION = YES;
				CLANG_WARN_INT_CONVERSION = YES;
				CLANG_WARN_OBJC_ROOT_CLASS = YES_ERROR;
				CLANG_WARN_SUSPICIOUS_MOVE = YES;
				CLANG_WARN_UNREACHABLE_CODE = YES;
				CLANG_WARN__DUPLICATE_METHOD_MATCH = YES;
				CODE_SIGN_IDENTITY = "";
				COPY_PHASE_STRIP = NO;
				CURRENT_PROJECT_VERSION = 1;
				DEBUG_INFORMATION_FORMAT = dwarf;
				DEFINES_MODULE = YES;
				DYLIB_COMPATIBILITY_VERSION = 1;
				DYLIB_CURRENT_VERSION = 1;
				DYLIB_INSTALL_NAME_BASE = "@rpath";
				ENABLE_STRICT_OBJC_MSGSEND = YES;
				ENABLE_TESTABILITY = YES;
				GCC_C_LANGUAGE_STANDARD = gnu99;
				GCC_DYNAMIC_NO_PIC = NO;
				GCC_NO_COMMON_BLOCKS = YES;
				GCC_OPTIMIZATION_LEVEL = 0;
				GCC_PREPROCESSOR_DEFINITIONS = (
					"DEBUG=1",
					"$(inherited)",
				);
				GCC_WARN_64_TO_32_BIT_CONVERSION = YES;
				GCC_WARN_ABOUT_RETURN_TYPE = YES_ERROR;
				GCC_WARN_UNDECLARED_SELECTOR = YES;
				GCC_WARN_UNINITIALIZED_AUTOS = YES_AGGRESSIVE;
				GCC_WARN_UNUSED_FUNCTION = YES;
				GCC_WARN_UNUSED_VARIABLE = YES;
				INFOPLIST_FILE = "$(SRCROOT)/Quicksilver/Quicksilver-tvOS-Info.plist";
				INFOPLIST_PREFIX_HEADER = "$(SRCROOT)/Quicksilver/Quicksilver-Info.h";
				INFOPLIST_PREPROCESS = YES;
				INSTALL_PATH = "$(LOCAL_LIBRARY_DIR)/Frameworks";
				LD_RUNPATH_SEARCH_PATHS = "$(inherited) @executable_path/Frameworks @loader_path/Frameworks";
				MTL_ENABLE_DEBUG_INFO = YES;
				ONLY_ACTIVE_ARCH = YES;
				PRODUCT_BUNDLE_IDENTIFIER = com.kosoku.quicksilver;
				PRODUCT_NAME = Quicksilver;
				SDKROOT = appletvos;
				SKIP_INSTALL = YES;
				TARGETED_DEVICE_FAMILY = 3;
				TVOS_DEPLOYMENT_TARGET = 10.0;
				VERSIONING_SYSTEM = "apple-generic";
				VERSION_INFO_PREFIX = "";
			};
			name = Debug;
		};
		07E920851E70F25E009A4AD9 /* Release */ = {
			isa = XCBuildConfiguration;
			buildSettings = {
				ALWAYS_SEARCH_USER_PATHS = NO;
				CLANG_ANALYZER_NONNULL = YES;
				CLANG_CXX_LANGUAGE_STANDARD = "gnu++0x";
				CLANG_CXX_LIBRARY = "libc++";
				CLANG_ENABLE_MODULES = YES;
				CLANG_ENABLE_OBJC_ARC = YES;
				CLANG_WARN_BOOL_CONVERSION = YES;
				CLANG_WARN_CONSTANT_CONVERSION = YES;
				CLANG_WARN_DIRECT_OBJC_ISA_USAGE = YES_ERROR;
				CLANG_WARN_DOCUMENTATION_COMMENTS = YES;
				CLANG_WARN_EMPTY_BODY = YES;
				CLANG_WARN_ENUM_CONVERSION = YES;
				CLANG_WARN_INFINITE_RECURSION = YES;
				CLANG_WARN_INT_CONVERSION = YES;
				CLANG_WARN_OBJC_ROOT_CLASS = YES_ERROR;
				CLANG_WARN_SUSPICIOUS_MOVE = YES;
				CLANG_WARN_UNREACHABLE_CODE = YES;
				CLANG_WARN__DUPLICATE_METHOD_MATCH = YES;
				CODE_SIGN_IDENTITY = "";
				COPY_PHASE_STRIP = NO;
				CURRENT_PROJECT_VERSION = 1;
				DEBUG_INFORMATION_FORMAT = "dwarf-with-dsym";
				DEFINES_MODULE = YES;
				DYLIB_COMPATIBILITY_VERSION = 1;
				DYLIB_CURRENT_VERSION = 1;
				DYLIB_INSTALL_NAME_BASE = "@rpath";
				ENABLE_NS_ASSERTIONS = NO;
				ENABLE_STRICT_OBJC_MSGSEND = YES;
				GCC_C_LANGUAGE_STANDARD = gnu99;
				GCC_NO_COMMON_BLOCKS = YES;
				GCC_WARN_64_TO_32_BIT_CONVERSION = YES;
				GCC_WARN_ABOUT_RETURN_TYPE = YES_ERROR;
				GCC_WARN_UNDECLARED_SELECTOR = YES;
				GCC_WARN_UNINITIALIZED_AUTOS = YES_AGGRESSIVE;
				GCC_WARN_UNUSED_FUNCTION = YES;
				GCC_WARN_UNUSED_VARIABLE = YES;
				INFOPLIST_FILE = "$(SRCROOT)/Quicksilver/Quicksilver-tvOS-Info.plist";
				INFOPLIST_PREFIX_HEADER = "$(SRCROOT)/Quicksilver/Quicksilver-Info.h";
				INFOPLIST_PREPROCESS = YES;
				INSTALL_PATH = "$(LOCAL_LIBRARY_DIR)/Frameworks";
				LD_RUNPATH_SEARCH_PATHS = "$(inherited) @executable_path/Frameworks @loader_path/Frameworks";
				MTL_ENABLE_DEBUG_INFO = NO;
				PRODUCT_BUNDLE_IDENTIFIER = com.kosoku.quicksilver;
				PRODUCT_NAME = Quicksilver;
				SDKROOT = appletvos;
				SKIP_INSTALL = YES;
				TARGETED_DEVICE_FAMILY = 3;
				TVOS_DEPLOYMENT_TARGET = 10.0;
				VALIDATE_PRODUCT = YES;
				VERSIONING_SYSTEM = "apple-generic";
				VERSION_INFO_PREFIX = "";
			};
			name = Release;
		};
		07E9209F1E70F332009A4AD9 /* Debug */ = {
			isa = XCBuildConfiguration;
			buildSettings = {
				ALWAYS_SEARCH_USER_PATHS = NO;
				CLANG_ANALYZER_NONNULL = YES;
				CLANG_CXX_LANGUAGE_STANDARD = "gnu++0x";
				CLANG_CXX_LIBRARY = "libc++";
				CLANG_ENABLE_MODULES = YES;
				CLANG_ENABLE_OBJC_ARC = YES;
				CLANG_WARN_BOOL_CONVERSION = YES;
				CLANG_WARN_CONSTANT_CONVERSION = YES;
				CLANG_WARN_DIRECT_OBJC_ISA_USAGE = YES_ERROR;
				CLANG_WARN_DOCUMENTATION_COMMENTS = YES;
				CLANG_WARN_EMPTY_BODY = YES;
				CLANG_WARN_ENUM_CONVERSION = YES;
				CLANG_WARN_INFINITE_RECURSION = YES;
				CLANG_WARN_INT_CONVERSION = YES;
				CLANG_WARN_OBJC_ROOT_CLASS = YES_ERROR;
				CLANG_WARN_SUSPICIOUS_MOVE = YES;
				CLANG_WARN_UNREACHABLE_CODE = YES;
				CLANG_WARN__DUPLICATE_METHOD_MATCH = YES;
				COPY_PHASE_STRIP = NO;
				DEBUG_INFORMATION_FORMAT = dwarf;
				ENABLE_STRICT_OBJC_MSGSEND = YES;
				ENABLE_TESTABILITY = YES;
				GCC_C_LANGUAGE_STANDARD = gnu99;
				GCC_DYNAMIC_NO_PIC = NO;
				GCC_NO_COMMON_BLOCKS = YES;
				GCC_OPTIMIZATION_LEVEL = 0;
				GCC_PREPROCESSOR_DEFINITIONS = (
					"DEBUG=1",
					"$(inherited)",
				);
				GCC_WARN_64_TO_32_BIT_CONVERSION = YES;
				GCC_WARN_ABOUT_RETURN_TYPE = YES_ERROR;
				GCC_WARN_UNDECLARED_SELECTOR = YES;
				GCC_WARN_UNINITIALIZED_AUTOS = YES_AGGRESSIVE;
				GCC_WARN_UNUSED_FUNCTION = YES;
				GCC_WARN_UNUSED_VARIABLE = YES;
				INFOPLIST_FILE = "$(SRCROOT)/QuicksilverTests/$(TARGET_NAME)-Info.plist";
				LD_RUNPATH_SEARCH_PATHS = "$(inherited) @executable_path/Frameworks @loader_path/Frameworks";
				MTL_ENABLE_DEBUG_INFO = YES;
				ONLY_ACTIVE_ARCH = YES;
				PRODUCT_BUNDLE_IDENTIFIER = "com.kosoku.QuicksilverTests-tvOS";
				PRODUCT_NAME = "$(TARGET_NAME)";
				SDKROOT = appletvos;
				TVOS_DEPLOYMENT_TARGET = 10.1;
			};
			name = Debug;
		};
		07E920A01E70F332009A4AD9 /* Release */ = {
			isa = XCBuildConfiguration;
			buildSettings = {
				ALWAYS_SEARCH_USER_PATHS = NO;
				CLANG_ANALYZER_NONNULL = YES;
				CLANG_CXX_LANGUAGE_STANDARD = "gnu++0x";
				CLANG_CXX_LIBRARY = "libc++";
				CLANG_ENABLE_MODULES = YES;
				CLANG_ENABLE_OBJC_ARC = YES;
				CLANG_WARN_BOOL_CONVERSION = YES;
				CLANG_WARN_CONSTANT_CONVERSION = YES;
				CLANG_WARN_DIRECT_OBJC_ISA_USAGE = YES_ERROR;
				CLANG_WARN_DOCUMENTATION_COMMENTS = YES;
				CLANG_WARN_EMPTY_BODY = YES;
				CLANG_WARN_ENUM_CONVERSION = YES;
				CLANG_WARN_INFINITE_RECURSION = YES;
				CLANG_WARN_INT_CONVERSION = YES;
				CLANG_WARN_OBJC_ROOT_CLASS = YES_ERROR;
				CLANG_WARN_SUSPICIOUS_MOVE = YES;
				CLANG_WARN_UNREACHABLE_CODE = YES;
				CLANG_WARN__DUPLICATE_METHOD_MATCH = YES;
				COPY_PHASE_STRIP = NO;
				DEBUG_INFORMATION_FORMAT = "dwarf-with-dsym";
				ENABLE_NS_ASSERTIONS = NO;
				ENABLE_STRICT_OBJC_MSGSEND = YES;
				GCC_C_LANGUAGE_STANDARD = gnu99;
				GCC_NO_COMMON_BLOCKS = YES;
				GCC_WARN_64_TO_32_BIT_CONVERSION = YES;
				GCC_WARN_ABOUT_RETURN_TYPE = YES_ERROR;
				GCC_WARN_UNDECLARED_SELECTOR = YES;
				GCC_WARN_UNINITIALIZED_AUTOS = YES_AGGRESSIVE;
				GCC_WARN_UNUSED_FUNCTION = YES;
				GCC_WARN_UNUSED_VARIABLE = YES;
				INFOPLIST_FILE = "$(SRCROOT)/QuicksilverTests/$(TARGET_NAME)-Info.plist";
				LD_RUNPATH_SEARCH_PATHS = "$(inherited) @executable_path/Frameworks @loader_path/Frameworks";
				MTL_ENABLE_DEBUG_INFO = NO;
				PRODUCT_BUNDLE_IDENTIFIER = "com.kosoku.QuicksilverTests-tvOS";
				PRODUCT_NAME = "$(TARGET_NAME)";
				SDKROOT = appletvos;
				TVOS_DEPLOYMENT_TARGET = 10.1;
				VALIDATE_PRODUCT = YES;
			};
			name = Release;
		};
		07E920B11E70F3D1009A4AD9 /* Debug */ = {
			isa = XCBuildConfiguration;
			buildSettings = {
				ALWAYS_SEARCH_USER_PATHS = NO;
				APPLICATION_EXTENSION_API_ONLY = YES;
				CLANG_ANALYZER_NONNULL = YES;
				CLANG_CXX_LANGUAGE_STANDARD = "gnu++0x";
				CLANG_CXX_LIBRARY = "libc++";
				CLANG_ENABLE_MODULES = YES;
				CLANG_ENABLE_OBJC_ARC = YES;
				CLANG_WARN_BOOL_CONVERSION = YES;
				CLANG_WARN_CONSTANT_CONVERSION = YES;
				CLANG_WARN_DIRECT_OBJC_ISA_USAGE = YES_ERROR;
				CLANG_WARN_DOCUMENTATION_COMMENTS = YES;
				CLANG_WARN_EMPTY_BODY = YES;
				CLANG_WARN_ENUM_CONVERSION = YES;
				CLANG_WARN_INFINITE_RECURSION = YES;
				CLANG_WARN_INT_CONVERSION = YES;
				CLANG_WARN_OBJC_ROOT_CLASS = YES_ERROR;
				CLANG_WARN_SUSPICIOUS_MOVE = YES;
				CLANG_WARN_UNREACHABLE_CODE = YES;
				CLANG_WARN__DUPLICATE_METHOD_MATCH = YES;
				CODE_SIGN_IDENTITY = "";
				COPY_PHASE_STRIP = NO;
				CURRENT_PROJECT_VERSION = 1;
				DEBUG_INFORMATION_FORMAT = dwarf;
				DEFINES_MODULE = YES;
				DYLIB_COMPATIBILITY_VERSION = 1;
				DYLIB_CURRENT_VERSION = 1;
				DYLIB_INSTALL_NAME_BASE = "@rpath";
				ENABLE_STRICT_OBJC_MSGSEND = YES;
				ENABLE_TESTABILITY = YES;
				GCC_C_LANGUAGE_STANDARD = gnu99;
				GCC_DYNAMIC_NO_PIC = NO;
				GCC_NO_COMMON_BLOCKS = YES;
				GCC_OPTIMIZATION_LEVEL = 0;
				GCC_PREPROCESSOR_DEFINITIONS = (
					"DEBUG=1",
					"$(inherited)",
				);
				GCC_WARN_64_TO_32_BIT_CONVERSION = YES;
				GCC_WARN_ABOUT_RETURN_TYPE = YES_ERROR;
				GCC_WARN_UNDECLARED_SELECTOR = YES;
				GCC_WARN_UNINITIALIZED_AUTOS = YES_AGGRESSIVE;
				GCC_WARN_UNUSED_FUNCTION = YES;
				GCC_WARN_UNUSED_VARIABLE = YES;
				INFOPLIST_FILE = "$(SRCROOT)/Quicksilver/Quicksilver-watchOS-Info.plist";
				INFOPLIST_PREFIX_HEADER = "$(SRCROOT)/Quicksilver/Quicksilver-Info.h";
				INFOPLIST_PREPROCESS = YES;
				INSTALL_PATH = "$(LOCAL_LIBRARY_DIR)/Frameworks";
				LD_RUNPATH_SEARCH_PATHS = "$(inherited) @executable_path/Frameworks @loader_path/Frameworks";
				MTL_ENABLE_DEBUG_INFO = YES;
				ONLY_ACTIVE_ARCH = YES;
				PRODUCT_BUNDLE_IDENTIFIER = com.kosoku.quicksilver;
				PRODUCT_NAME = Quicksilver;
				SDKROOT = watchos;
				SKIP_INSTALL = YES;
				TARGETED_DEVICE_FAMILY = 4;
				VERSIONING_SYSTEM = "apple-generic";
				VERSION_INFO_PREFIX = "";
				WATCHOS_DEPLOYMENT_TARGET = 3.0;
			};
			name = Debug;
		};
		07E920B21E70F3D1009A4AD9 /* Release */ = {
			isa = XCBuildConfiguration;
			buildSettings = {
				ALWAYS_SEARCH_USER_PATHS = NO;
				APPLICATION_EXTENSION_API_ONLY = YES;
				CLANG_ANALYZER_NONNULL = YES;
				CLANG_CXX_LANGUAGE_STANDARD = "gnu++0x";
				CLANG_CXX_LIBRARY = "libc++";
				CLANG_ENABLE_MODULES = YES;
				CLANG_ENABLE_OBJC_ARC = YES;
				CLANG_WARN_BOOL_CONVERSION = YES;
				CLANG_WARN_CONSTANT_CONVERSION = YES;
				CLANG_WARN_DIRECT_OBJC_ISA_USAGE = YES_ERROR;
				CLANG_WARN_DOCUMENTATION_COMMENTS = YES;
				CLANG_WARN_EMPTY_BODY = YES;
				CLANG_WARN_ENUM_CONVERSION = YES;
				CLANG_WARN_INFINITE_RECURSION = YES;
				CLANG_WARN_INT_CONVERSION = YES;
				CLANG_WARN_OBJC_ROOT_CLASS = YES_ERROR;
				CLANG_WARN_SUSPICIOUS_MOVE = YES;
				CLANG_WARN_UNREACHABLE_CODE = YES;
				CLANG_WARN__DUPLICATE_METHOD_MATCH = YES;
				CODE_SIGN_IDENTITY = "";
				COPY_PHASE_STRIP = NO;
				CURRENT_PROJECT_VERSION = 1;
				DEBUG_INFORMATION_FORMAT = "dwarf-with-dsym";
				DEFINES_MODULE = YES;
				DYLIB_COMPATIBILITY_VERSION = 1;
				DYLIB_CURRENT_VERSION = 1;
				DYLIB_INSTALL_NAME_BASE = "@rpath";
				ENABLE_NS_ASSERTIONS = NO;
				ENABLE_STRICT_OBJC_MSGSEND = YES;
				GCC_C_LANGUAGE_STANDARD = gnu99;
				GCC_NO_COMMON_BLOCKS = YES;
				GCC_WARN_64_TO_32_BIT_CONVERSION = YES;
				GCC_WARN_ABOUT_RETURN_TYPE = YES_ERROR;
				GCC_WARN_UNDECLARED_SELECTOR = YES;
				GCC_WARN_UNINITIALIZED_AUTOS = YES_AGGRESSIVE;
				GCC_WARN_UNUSED_FUNCTION = YES;
				GCC_WARN_UNUSED_VARIABLE = YES;
				INFOPLIST_FILE = "$(SRCROOT)/Quicksilver/Quicksilver-watchOS-Info.plist";
				INFOPLIST_PREFIX_HEADER = "$(SRCROOT)/Quicksilver/Quicksilver-Info.h";
				INFOPLIST_PREPROCESS = YES;
				INSTALL_PATH = "$(LOCAL_LIBRARY_DIR)/Frameworks";
				LD_RUNPATH_SEARCH_PATHS = "$(inherited) @executable_path/Frameworks @loader_path/Frameworks";
				MTL_ENABLE_DEBUG_INFO = NO;
				PRODUCT_BUNDLE_IDENTIFIER = com.kosoku.quicksilver;
				PRODUCT_NAME = Quicksilver;
				SDKROOT = watchos;
				SKIP_INSTALL = YES;
				TARGETED_DEVICE_FAMILY = 4;
				VALIDATE_PRODUCT = YES;
				VERSIONING_SYSTEM = "apple-generic";
				VERSION_INFO_PREFIX = "";
				WATCHOS_DEPLOYMENT_TARGET = 3.0;
			};
			name = Release;
		};
/* End XCBuildConfiguration section */

/* Begin XCConfigurationList section */
		072628471E70E91400511F80 /* Build configuration list for PBXProject "Quicksilver" */ = {
			isa = XCConfigurationList;
			buildConfigurations = (
				072628481E70E91400511F80 /* Debug */,
				072628491E70E91400511F80 /* Release */,
			);
			defaultConfigurationIsVisible = 0;
			defaultConfigurationName = Release;
		};
		072628551E70E92300511F80 /* Build configuration list for PBXNativeTarget "Quicksilver-iOS" */ = {
			isa = XCConfigurationList;
			buildConfigurations = (
				072628561E70E92300511F80 /* Debug */,
				072628571E70E92300511F80 /* Release */,
			);
			defaultConfigurationIsVisible = 0;
			defaultConfigurationName = Release;
		};
		0726287B1E70EB2B00511F80 /* Build configuration list for PBXNativeTarget "QuicksilverTests-iOS" */ = {
			isa = XCConfigurationList;
			buildConfigurations = (
				0726287C1E70EB2B00511F80 /* Debug */,
				0726287D1E70EB2B00511F80 /* Release */,
			);
			defaultConfigurationIsVisible = 0;
			defaultConfigurationName = Release;
		};
		07E920561E70F00A009A4AD9 /* Build configuration list for PBXNativeTarget "Quicksilver-macOS" */ = {
			isa = XCConfigurationList;
			buildConfigurations = (
				07E920541E70F00A009A4AD9 /* Debug */,
				07E920551E70F00A009A4AD9 /* Release */,
			);
			defaultConfigurationIsVisible = 0;
			defaultConfigurationName = Release;
		};
		07E9206A1E70F104009A4AD9 /* Build configuration list for PBXNativeTarget "QuicksilverTests-macOS" */ = {
			isa = XCConfigurationList;
			buildConfigurations = (
				07E9206B1E70F104009A4AD9 /* Debug */,
				07E9206C1E70F104009A4AD9 /* Release */,
			);
			defaultConfigurationIsVisible = 0;
			defaultConfigurationName = Release;
		};
		07E920831E70F25E009A4AD9 /* Build configuration list for PBXNativeTarget "Quicksilver-tvOS" */ = {
			isa = XCConfigurationList;
			buildConfigurations = (
				07E920841E70F25E009A4AD9 /* Debug */,
				07E920851E70F25E009A4AD9 /* Release */,
			);
			defaultConfigurationIsVisible = 0;
			defaultConfigurationName = Release;
		};
		07E9209E1E70F332009A4AD9 /* Build configuration list for PBXNativeTarget "QuicksilverTests-tvOS" */ = {
			isa = XCConfigurationList;
			buildConfigurations = (
				07E9209F1E70F332009A4AD9 /* Debug */,
				07E920A01E70F332009A4AD9 /* Release */,
			);
			defaultConfigurationIsVisible = 0;
			defaultConfigurationName = Release;
		};
		07E920B01E70F3D1009A4AD9 /* Build configuration list for PBXNativeTarget "Quicksilver-watchOS" */ = {
			isa = XCConfigurationList;
			buildConfigurations = (
				07E920B11E70F3D1009A4AD9 /* Debug */,
				07E920B21E70F3D1009A4AD9 /* Release */,
			);
			defaultConfigurationIsVisible = 0;
			defaultConfigurationName = Release;
		};
/* End XCConfigurationList section */
	};
	rootObject = 072628441E70E91400511F80 /* Project object */;
}
